// !$*UTF8*$!
{
	archiveVersion = 1;
	classes = {
	};
	objectVersion = 53;
	objects = {

/* Begin PBXBuildFile section */
		394E6055A2E84994640212ED /* Pods_TestSkill.framework in Frameworks */ = {isa = PBXBuildFile; fileRef = 3CA6C9B5ADF2A38ED44F36AE /* Pods_TestSkill.framework */; };
		E518F60E22F067B10012CC2D /* Game.swift in Sources */ = {isa = PBXBuildFile; fileRef = E518F60D22F067B10012CC2D /* Game.swift */; };
		E518F61022F067D40012CC2D /* UserGroup.swift in Sources */ = {isa = PBXBuildFile; fileRef = E518F60F22F067D40012CC2D /* UserGroup.swift */; };
		E518F61222F067DD0012CC2D /* UserHistory.swift in Sources */ = {isa = PBXBuildFile; fileRef = E518F61122F067DD0012CC2D /* UserHistory.swift */; };
		E51DB7A522F2995400CD7BFF /* GameDetail.swift in Sources */ = {isa = PBXBuildFile; fileRef = E51DB7A422F2995400CD7BFF /* GameDetail.swift */; };
		E51DB7A722F2996000CD7BFF /* GameRecord.swift in Sources */ = {isa = PBXBuildFile; fileRef = E51DB7A622F2996000CD7BFF /* GameRecord.swift */; };
		E51DB7A922F3262700CD7BFF /* PlayGroup.swift in Sources */ = {isa = PBXBuildFile; fileRef = E51DB7A822F3262700CD7BFF /* PlayGroup.swift */; };
		E583F43D2321338600BFD75D /* FrontEndController.swift in Sources */ = {isa = PBXBuildFile; fileRef = E583F43C2321338600BFD75D /* FrontEndController.swift */; };
		E5992352232DF094008AECD6 /* Assets.xcassets in Resources */ = {isa = PBXBuildFile; fileRef = E5992351232DF094008AECD6 /* Assets.xcassets */; };
		E73F5F01243AEA2500B8FC83 /* SignInWithApple.swift in Sources */ = {isa = PBXBuildFile; fileRef = E73F5F00243AEA2500B8FC83 /* SignInWithApple.swift */; };
		E73F5F03243AEBBC00B8FC83 /* SignInWithAppleDelegates.swift in Sources */ = {isa = PBXBuildFile; fileRef = E73F5F02243AEBBC00B8FC83 /* SignInWithAppleDelegates.swift */; };
		E73F5F09243AF1FB00B8FC83 /* UserData.swift in Sources */ = {isa = PBXBuildFile; fileRef = E73F5F05243AF1FB00B8FC83 /* UserData.swift */; };
		E73F5F0A243AF1FB00B8FC83 /* UserDataKeychain.swift in Sources */ = {isa = PBXBuildFile; fileRef = E73F5F06243AF1FB00B8FC83 /* UserDataKeychain.swift */; };
		E73F5F0B243AF1FB00B8FC83 /* Keychain.swift in Sources */ = {isa = PBXBuildFile; fileRef = E73F5F07243AF1FB00B8FC83 /* Keychain.swift */; };
		E73F5F0C243AF1FB00B8FC83 /* SharedWebCredential.swift in Sources */ = {isa = PBXBuildFile; fileRef = E73F5F08243AF1FB00B8FC83 /* SharedWebCredential.swift */; };
		E74A7D302420DC250025D860 /* SearchView.swift in Sources */ = {isa = PBXBuildFile; fileRef = E74A7D2F2420DC250025D860 /* SearchView.swift */; };
		E74A7D32242239240025D860 /* SearchViewModel.swift in Sources */ = {isa = PBXBuildFile; fileRef = E74A7D31242239240025D860 /* SearchViewModel.swift */; };
		E74A7D3424223C4D0025D860 /* RadioButton.swift in Sources */ = {isa = PBXBuildFile; fileRef = E74A7D3324223C4D0025D860 /* RadioButton.swift */; };
		E74A7D36242347DE0025D860 /* AdminView.swift in Sources */ = {isa = PBXBuildFile; fileRef = E74A7D35242347DE0025D860 /* AdminView.swift */; };
		E74A7D392423480B0025D860 /* AdminViewModel.swift in Sources */ = {isa = PBXBuildFile; fileRef = E74A7D382423480B0025D860 /* AdminViewModel.swift */; };
		E751D31C254C5B8100445741 /* gameDetailPassing.swift in Sources */ = {isa = PBXBuildFile; fileRef = E751D31B254C5B8100445741 /* gameDetailPassing.swift */; };
		E751D31F254D113400445741 /* DisplayFriendViewOption.swift in Sources */ = {isa = PBXBuildFile; fileRef = E751D31E254D113400445741 /* DisplayFriendViewOption.swift */; };
		E7535D63233B8F360042CFDF /* ProviderUser.swift in Sources */ = {isa = PBXBuildFile; fileRef = E7535D62233B8F360042CFDF /* ProviderUser.swift */; };
		E759F0922334C331009EB368 /* LoginManager.swift in Sources */ = {isa = PBXBuildFile; fileRef = E759F0912334C331009EB368 /* LoginManager.swift */; };
		E759F0942334C3C6009EB368 /* FaceBookConstant.swift in Sources */ = {isa = PBXBuildFile; fileRef = E759F0932334C3C6009EB368 /* FaceBookConstant.swift */; };
		E75B86FE248FC483002B0682 /* GameUpperViewModel.swift in Sources */ = {isa = PBXBuildFile; fileRef = E75B86FD248FC483002B0682 /* GameUpperViewModel.swift */; };
		E75B8700249111C3002B0682 /* MainTabViewModel.swift in Sources */ = {isa = PBXBuildFile; fileRef = E75B86FF249111C3002B0682 /* MainTabViewModel.swift */; };
		E75B87022492162A002B0682 /* PeriodSelectionView.swift in Sources */ = {isa = PBXBuildFile; fileRef = E75B87012492162A002B0682 /* PeriodSelectionView.swift */; };
		E75B87042492163A002B0682 /* PeriodSelectionViewModel.swift in Sources */ = {isa = PBXBuildFile; fileRef = E75B870324921639002B0682 /* PeriodSelectionViewModel.swift */; };
		E773819B23D000D9002344FE /* LoginViewModel.swift in Sources */ = {isa = PBXBuildFile; fileRef = E773819A23D000D9002344FE /* LoginViewModel.swift */; };
		E773819D23D03001002344FE /* RegistorViewModel.swift in Sources */ = {isa = PBXBuildFile; fileRef = E773819C23D03001002344FE /* RegistorViewModel.swift */; };
		E77381A123D0331A002344FE /* SocialLogin.swift in Sources */ = {isa = PBXBuildFile; fileRef = E77381A023D0331A002344FE /* SocialLogin.swift */; };
		E77381A823D1D26F002344FE /* FjallaOne-Regular.ttf in Resources */ = {isa = PBXBuildFile; fileRef = E77381A523D1D26F002344FE /* FjallaOne-Regular.ttf */; };
		E77381A923D1D26F002344FE /* American Captain.otf in Resources */ = {isa = PBXBuildFile; fileRef = E77381A623D1D26F002344FE /* American Captain.otf */; };
		E77381AA23D1D26F002344FE /* FHACondFrenchNC.otf in Resources */ = {isa = PBXBuildFile; fileRef = E77381A723D1D26F002344FE /* FHACondFrenchNC.otf */; };
		E774CC5F24CE67960067C35B /* GamePassingObject.swift in Sources */ = {isa = PBXBuildFile; fileRef = E774CC5E24CE67960067C35B /* GamePassingObject.swift */; };
		E777394C245C2868002048E5 /* Big2DetailPopUp.swift in Sources */ = {isa = PBXBuildFile; fileRef = E777394B245C2868002048E5 /* Big2DetailPopUp.swift */; };
		E777394E245C442A002048E5 /* Big2GameDetail.swift in Sources */ = {isa = PBXBuildFile; fileRef = E777394D245C442A002048E5 /* Big2GameDetail.swift */; };
		E7773950245E81F2002048E5 /* CheckboxToggleStyle.swift in Sources */ = {isa = PBXBuildFile; fileRef = E777394F245E81F2002048E5 /* CheckboxToggleStyle.swift */; };
		E77CEF2223CAD80B006E65D8 /* ImageView.swift in Sources */ = {isa = PBXBuildFile; fileRef = E77CEF2123CAD80B006E65D8 /* ImageView.swift */; };
		E77E3CD323BF83E20039F223 /* PageControl.swift in Sources */ = {isa = PBXBuildFile; fileRef = E77E3CD023BF83E10039F223 /* PageControl.swift */; };
		E77E3CD423BF83E20039F223 /* PageView.swift in Sources */ = {isa = PBXBuildFile; fileRef = E77E3CD123BF83E10039F223 /* PageView.swift */; };
		E77E3CD523BF83E20039F223 /* PageViewController.swift in Sources */ = {isa = PBXBuildFile; fileRef = E77E3CD223BF83E10039F223 /* PageViewController.swift */; };
		E77E3CF123BF97950039F223 /* MainTabView.swift in Sources */ = {isa = PBXBuildFile; fileRef = E77E3CF023BF97950039F223 /* MainTabView.swift */; };
		E77E3CF323C056DE0039F223 /* MenuPage.swift in Sources */ = {isa = PBXBuildFile; fileRef = E77E3CF223C056DE0039F223 /* MenuPage.swift */; };
		E77E3CF523C0901A0039F223 /* GameView.swift in Sources */ = {isa = PBXBuildFile; fileRef = E77E3CF423C0901A0039F223 /* GameView.swift */; };
		E77E3CF723C095EE0039F223 /* GameRow.swift in Sources */ = {isa = PBXBuildFile; fileRef = E77E3CF623C095EE0039F223 /* GameRow.swift */; };
		E77E3CFB23C0A5650039F223 /* AddPlayGroupView.swift in Sources */ = {isa = PBXBuildFile; fileRef = E77E3CFA23C0A5650039F223 /* AddPlayGroupView.swift */; };
		E77E3CFD23C0E7A00039F223 /* AddGameView.swift in Sources */ = {isa = PBXBuildFile; fileRef = E77E3CFC23C0E7A00039F223 /* AddGameView.swift */; };
		E77E3D0023C17A390039F223 /* SwiftUIModifer.swift in Sources */ = {isa = PBXBuildFile; fileRef = E77E3CFF23C17A390039F223 /* SwiftUIModifer.swift */; };
		E77E3D0223C192820039F223 /* PageViewArea.swift in Sources */ = {isa = PBXBuildFile; fileRef = E77E3D0123C192820039F223 /* PageViewArea.swift */; };
		E782D1E423D8693B0060233B /* GameViewModel.swift in Sources */ = {isa = PBXBuildFile; fileRef = E782D1E323D8693B0060233B /* GameViewModel.swift */; };
		E782D1E923D8783B0060233B /* Page.swift in Sources */ = {isa = PBXBuildFile; fileRef = E782D1E823D8783B0060233B /* Page.swift */; };
		E782D1EB23D880290060233B /* DisplayPlayerGroupView.swift in Sources */ = {isa = PBXBuildFile; fileRef = E782D1EA23D880290060233B /* DisplayPlayerGroupView.swift */; };
		E782D1ED23D880870060233B /* DisplayPlayGroupViewModel.swift in Sources */ = {isa = PBXBuildFile; fileRef = E782D1EC23D880870060233B /* DisplayPlayGroupViewModel.swift */; };
		E782D1EF23D89BCD0060233B /* AddPlayGroupViewModel.swift in Sources */ = {isa = PBXBuildFile; fileRef = E782D1EE23D89BCD0060233B /* AddPlayGroupViewModel.swift */; };
		E783FFAD23C46BB500EF0FDE /* ImagePickerView.swift in Sources */ = {isa = PBXBuildFile; fileRef = E783FFAC23C46BB500EF0FDE /* ImagePickerView.swift */; };
		E78453E1243DD34F00629FB9 /* GameLK.swift in Sources */ = {isa = PBXBuildFile; fileRef = E78453E0243DD34F00629FB9 /* GameLK.swift */; };
		E78453E3243DD36300629FB9 /* GameLKModel.swift in Sources */ = {isa = PBXBuildFile; fileRef = E78453E2243DD36300629FB9 /* GameLKModel.swift */; };
		E785A69F23BCD6C7003F0A78 /* GameDetailPopUp.swift in Sources */ = {isa = PBXBuildFile; fileRef = E785A69E23BCD6C7003F0A78 /* GameDetailPopUp.swift */; };
		E785A6A223BE3110003F0A78 /* RegisterPage.swift in Sources */ = {isa = PBXBuildFile; fileRef = E785A6A123BE3110003F0A78 /* RegisterPage.swift */; };
		E785A6A423BEE5E0003F0A78 /* LoginView.swift in Sources */ = {isa = PBXBuildFile; fileRef = E785A6A323BEE5E0003F0A78 /* LoginView.swift */; };
		E791DED724CFCF9F00343682 /* GoogleDelegates.swift in Sources */ = {isa = PBXBuildFile; fileRef = E791DED624CFCF9F00343682 /* GoogleDelegates.swift */; };
		E79ADFFA23F922F100FD1282 /* GameDetailViewModel.swift in Sources */ = {isa = PBXBuildFile; fileRef = E79ADFF923F922F100FD1282 /* GameDetailViewModel.swift */; };
		E79ADFFF23FBC92B00FD1282 /* GameViewUpperArea.swift in Sources */ = {isa = PBXBuildFile; fileRef = E79ADFFE23FBC92B00FD1282 /* GameViewUpperArea.swift */; };
		E79AE00123FBCA3B00FD1282 /* GameViewListHistoryArea.swift in Sources */ = {isa = PBXBuildFile; fileRef = E79AE00023FBCA3B00FD1282 /* GameViewListHistoryArea.swift */; };
		E79AE00723FE57DE00FD1282 /* ImageCache.swift in Sources */ = {isa = PBXBuildFile; fileRef = E79AE00623FE57DE00FD1282 /* ImageCache.swift */; };
		E79AE04F240F991B00FD1282 /* DisplayFriendView.swift in Sources */ = {isa = PBXBuildFile; fileRef = E79AE04E240F991B00FD1282 /* DisplayFriendView.swift */; };
		E79AE051240F993700FD1282 /* DisplayFriendViewModel.swift in Sources */ = {isa = PBXBuildFile; fileRef = E79AE050240F993700FD1282 /* DisplayFriendViewModel.swift */; };
		E79AE0542410CA7900FD1282 /* MenuPageViewModel.swift in Sources */ = {isa = PBXBuildFile; fileRef = E79AE0532410CA7900FD1282 /* MenuPageViewModel.swift */; };
		E79AE09024150D9F00FD1282 /* GameDetailListView.swift in Sources */ = {isa = PBXBuildFile; fileRef = E79AE08F24150D9F00FD1282 /* GameDetailListView.swift */; };
		E79AE09224150E1600FD1282 /* GameDetailListViewModel.swift in Sources */ = {isa = PBXBuildFile; fileRef = E79AE09124150E1600FD1282 /* GameDetailListViewModel.swift */; };
		E7A3614C23E405B600A66E7C /* SceneDelegate.swift in Sources */ = {isa = PBXBuildFile; fileRef = E7A3614B23E405B600A66E7C /* SceneDelegate.swift */; };
		E7ABFE6823E69E3900231F66 /* FullscreenModalView.swift in Sources */ = {isa = PBXBuildFile; fileRef = E7ABFE6723E69E3900231F66 /* FullscreenModalView.swift */; };
		E7ABFE6A23E6A8EB00231F66 /* DisplayPlayerGroupRow.swift in Sources */ = {isa = PBXBuildFile; fileRef = E7ABFE6923E6A8EB00231F66 /* DisplayPlayerGroupRow.swift */; };
		E7ABFE6C23E6AD0300231F66 /* AddPlayGroupPlayerRow.swift in Sources */ = {isa = PBXBuildFile; fileRef = E7ABFE6B23E6AD0300231F66 /* AddPlayGroupPlayerRow.swift */; };
		E7ABFE6E23E6B5F200231F66 /* DisplayFriendRow.swift in Sources */ = {isa = PBXBuildFile; fileRef = E7ABFE6D23E6B5F200231F66 /* DisplayFriendRow.swift */; };
		E7ABFE7223E7C3CB00231F66 /* GameRowViewModel.swift in Sources */ = {isa = PBXBuildFile; fileRef = E7ABFE7123E7C3CB00231F66 /* GameRowViewModel.swift */; };
		E7ABFE8323E987B200231F66 /* AddGameViewModel.swift in Sources */ = {isa = PBXBuildFile; fileRef = E7ABFE8223E987B200231F66 /* AddGameViewModel.swift */; };
		E7ABFE8523E9B2EF00231F66 /* AddGameViewRow.swift in Sources */ = {isa = PBXBuildFile; fileRef = E7ABFE8423E9B2EF00231F66 /* AddGameViewRow.swift */; };
		E7AD43BD242A77D100B1200C /* SwapUser.swift in Sources */ = {isa = PBXBuildFile; fileRef = E7AD43BC242A77D100B1200C /* SwapUser.swift */; };
		E7AD43BF242B025E00B1200C /* SwapUserViewModel.swift in Sources */ = {isa = PBXBuildFile; fileRef = E7AD43BE242B025D00B1200C /* SwapUserViewModel.swift */; };
		E7AD43C1242CF79500B1200C /* AddFriendView.swift in Sources */ = {isa = PBXBuildFile; fileRef = E7AD43C0242CF79500B1200C /* AddFriendView.swift */; };
		E7AD43C4242CF7B900B1200C /* FriendViewModel.swift in Sources */ = {isa = PBXBuildFile; fileRef = E7AD43C3242CF7B900B1200C /* FriendViewModel.swift */; };
		E7AD43C6242DB3D700B1200C /* AddFriendRow.swift in Sources */ = {isa = PBXBuildFile; fileRef = E7AD43C5242DB3D600B1200C /* AddFriendRow.swift */; };
		E7AD43C8242DFEE100B1200C /* CancelButton.swift in Sources */ = {isa = PBXBuildFile; fileRef = E7AD43C7242DFEE100B1200C /* CancelButton.swift */; };
		E7AD43CA242E074400B1200C /* SelectAllView.swift in Sources */ = {isa = PBXBuildFile; fileRef = E7AD43C9242E074400B1200C /* SelectAllView.swift */; };
		E7AD43D9242E1E1800B1200C /* RKMonthHeader.swift in Sources */ = {isa = PBXBuildFile; fileRef = E7AD43CB242E1E1200B1200C /* RKMonthHeader.swift */; };
		E7AD43DA242E1E1800B1200C /* RKTimeView.swift in Sources */ = {isa = PBXBuildFile; fileRef = E7AD43CC242E1E1400B1200C /* RKTimeView.swift */; };
		E7AD43DB242E1E1800B1200C /* RKViewController.swift in Sources */ = {isa = PBXBuildFile; fileRef = E7AD43CD242E1E1400B1200C /* RKViewController.swift */; };
		E7AD43DC242E1E1800B1200C /* RKDate.swift in Sources */ = {isa = PBXBuildFile; fileRef = E7AD43CE242E1E1400B1200C /* RKDate.swift */; };
		E7AD43DD242E1E1800B1200C /* RKManager.swift in Sources */ = {isa = PBXBuildFile; fileRef = E7AD43CF242E1E1500B1200C /* RKManager.swift */; };
		E7AD43DE242E1E1800B1200C /* RKWeekdayHeader.swift in Sources */ = {isa = PBXBuildFile; fileRef = E7AD43D0242E1E1500B1200C /* RKWeekdayHeader.swift */; };
		E7AD43DF242E1E1800B1200C /* RKColorSettings.swift in Sources */ = {isa = PBXBuildFile; fileRef = E7AD43D1242E1E1600B1200C /* RKColorSettings.swift */; };
		E7AD43E0242E1E1800B1200C /* RKCell.swift in Sources */ = {isa = PBXBuildFile; fileRef = E7AD43D2242E1E1700B1200C /* RKCell.swift */; };
		E7AD43E1242E1E1800B1200C /* RKMonth.swift in Sources */ = {isa = PBXBuildFile; fileRef = E7AD43D3242E1E1700B1200C /* RKMonth.swift */; };
		E7AD43E2242E1E1800B1200C /* RKPage.swift in Sources */ = {isa = PBXBuildFile; fileRef = E7AD43D5242E1E1800B1200C /* RKPage.swift */; };
		E7AD43E3242E1E1800B1200C /* RKWeeklyPage.swift in Sources */ = {isa = PBXBuildFile; fileRef = E7AD43D6242E1E1800B1200C /* RKWeeklyPage.swift */; };
		E7AD43E4242E1E1800B1200C /* RKPageView.swift in Sources */ = {isa = PBXBuildFile; fileRef = E7AD43D7242E1E1800B1200C /* RKPageView.swift */; };
		E7AD43E5242E1E1800B1200C /* ScrollableView.swift in Sources */ = {isa = PBXBuildFile; fileRef = E7AD43D8242E1E1800B1200C /* ScrollableView.swift */; };
		E7AD43E82430E97B00B1200C /* Terms.swift in Sources */ = {isa = PBXBuildFile; fileRef = E7AD43E72430E97B00B1200C /* Terms.swift */; };
		E7AD43EB24319F6700B1200C /* ContactUs.swift in Sources */ = {isa = PBXBuildFile; fileRef = E7AD43EA24319F6700B1200C /* ContactUs.swift */; };
		E7AD43ED2431A70600B1200C /* CustomAlertView.swift in Sources */ = {isa = PBXBuildFile; fileRef = E7AD43EC2431A70600B1200C /* CustomAlertView.swift */; };
		E7AD43EF2431C60D00B1200C /* RegisterHelper.swift in Sources */ = {isa = PBXBuildFile; fileRef = E7AD43EE2431C60D00B1200C /* RegisterHelper.swift */; };
		E7AD43F22431E60400B1200C /* ForgetPasswordView.swift in Sources */ = {isa = PBXBuildFile; fileRef = E7AD43F12431E60400B1200C /* ForgetPasswordView.swift */; };
		E7AD43F42435B29700B1200C /* KeyboardResponsiveModifier.swift in Sources */ = {isa = PBXBuildFile; fileRef = E7AD43F32435B29600B1200C /* KeyboardResponsiveModifier.swift */; };
		E7AD43F824363D1900B1200C /* FriendRequestView.swift in Sources */ = {isa = PBXBuildFile; fileRef = E7AD43F724363D1800B1200C /* FriendRequestView.swift */; };
		E7AD43FA24363D3000B1200C /* FriendRequestViewModel.swift in Sources */ = {isa = PBXBuildFile; fileRef = E7AD43F924363D3000B1200C /* FriendRequestViewModel.swift */; };
		E7B3429823B83E2300A5C566 /* GameDetailView.swift in Sources */ = {isa = PBXBuildFile; fileRef = E7B3429723B83E2300A5C566 /* GameDetailView.swift */; };
		E7B3429A23B8E8E000A5C566 /* IndividualScoreDisplay.swift in Sources */ = {isa = PBXBuildFile; fileRef = E7B3429923B8E8E000A5C566 /* IndividualScoreDisplay.swift */; };
		E7B3429C23B907E600A5C566 /* DisplayBoard.swift in Sources */ = {isa = PBXBuildFile; fileRef = E7B3429B23B907E600A5C566 /* DisplayBoard.swift */; };
		E7C5694E24CAFD64009FCD72 /* GoogleService-Info.plist in Resources */ = {isa = PBXBuildFile; fileRef = E7C5694C24CAFD63009FCD72 /* GoogleService-Info.plist */; };
		E7C8DB0D248CB87E0003FB1E /* UserDisplay.swift in Sources */ = {isa = PBXBuildFile; fileRef = E7C8DB0C248CB87E0003FB1E /* UserDisplay.swift */; };
		E7C8DB10248CCBA40003FB1E /* ListPagination.swift in Sources */ = {isa = PBXBuildFile; fileRef = E7C8DB0E248CCBA30003FB1E /* ListPagination.swift */; };
		E7C8DB11248CCBA40003FB1E /* SpinnerView.swift in Sources */ = {isa = PBXBuildFile; fileRef = E7C8DB0F248CCBA40003FB1E /* SpinnerView.swift */; };
		E7C8DB13248D04070003FB1E /* TextPage.swift in Sources */ = {isa = PBXBuildFile; fileRef = E7C8DB12248D04070003FB1E /* TextPage.swift */; };
		E7C8DB1A248E7CE30003FB1E /* ResultView.swift in Sources */ = {isa = PBXBuildFile; fileRef = E7C8DB19248E7CE30003FB1E /* ResultView.swift */; };
		E7C8DB1C248E7CF30003FB1E /* ResultViewModel.swift in Sources */ = {isa = PBXBuildFile; fileRef = E7C8DB1B248E7CF30003FB1E /* ResultViewModel.swift */; };
		E7CF804D24388DC400B7D882 /* FdsRequest.swift in Sources */ = {isa = PBXBuildFile; fileRef = E7CF804C24388DC400B7D882 /* FdsRequest.swift */; };
		E7CF804F2438BEB500B7D882 /* MarkFlownView.swift in Sources */ = {isa = PBXBuildFile; fileRef = E7CF804E2438BEB500B7D882 /* MarkFlownView.swift */; };
		E7CF80512438BECF00B7D882 /* MarkFlownViewModel.swift in Sources */ = {isa = PBXBuildFile; fileRef = E7CF80502438BECF00B7D882 /* MarkFlownViewModel.swift */; };
		E7CF80532438DD5B00B7D882 /* UpdateBalanceView.swift in Sources */ = {isa = PBXBuildFile; fileRef = E7CF80522438DD5B00B7D882 /* UpdateBalanceView.swift */; };
		E7CF80572438DE2100B7D882 /* UpdateBalanceViewModel.swift in Sources */ = {isa = PBXBuildFile; fileRef = E7CF80562438DE2100B7D882 /* UpdateBalanceViewModel.swift */; };
		E7D945222425C18C008EEED0 /* SearchGameView.swift in Sources */ = {isa = PBXBuildFile; fileRef = E7D945212425C18C008EEED0 /* SearchGameView.swift */; };
		E7D945242425C1AD008EEED0 /* SearchGameViewModel.swift in Sources */ = {isa = PBXBuildFile; fileRef = E7D945232425C1AD008EEED0 /* SearchGameViewModel.swift */; };
		E7D945262425C796008EEED0 /* SearchGameRow.swift in Sources */ = {isa = PBXBuildFile; fileRef = E7D945252425C796008EEED0 /* SearchGameRow.swift */; };
		E7D94528242608B8008EEED0 /* GameViewListAreaViewModel.swift in Sources */ = {isa = PBXBuildFile; fileRef = E7D94527242608B8008EEED0 /* GameViewListAreaViewModel.swift */; };
		E7D9452A242631D1008EEED0 /* SearchGameDetailView.swift in Sources */ = {isa = PBXBuildFile; fileRef = E7D94529242631D0008EEED0 /* SearchGameDetailView.swift */; };
		E7D9452C242631ED008EEED0 /* SearchGameDetailViewModel.swift in Sources */ = {isa = PBXBuildFile; fileRef = E7D9452B242631ED008EEED0 /* SearchGameDetailViewModel.swift */; };
		E7D9452E24268A12008EEED0 /* GameRecordDisplayViewRow.swift in Sources */ = {isa = PBXBuildFile; fileRef = E7D9452D24268A12008EEED0 /* GameRecordDisplayViewRow.swift */; };
		E7D9662B239CC8F6001C545F /* ColorHelper.swift in Sources */ = {isa = PBXBuildFile; fileRef = E7D96625239CC8F5001C545F /* ColorHelper.swift */; };
		E7D9662C239CC8F6001C545F /* Font.swift in Sources */ = {isa = PBXBuildFile; fileRef = E7D96626239CC8F5001C545F /* Font.swift */; };
		E7DB20BF244314A700A3CAE1 /* ProfileView.swift in Sources */ = {isa = PBXBuildFile; fileRef = E7DB20BE244314A700A3CAE1 /* ProfileView.swift */; };
		E7DB20C1244314E200A3CAE1 /* ProfileViewModel.swift in Sources */ = {isa = PBXBuildFile; fileRef = E7DB20C0244314E200A3CAE1 /* ProfileViewModel.swift */; };
		E7DB20C32445B35800A3CAE1 /* Big2DetailListView.swift in Sources */ = {isa = PBXBuildFile; fileRef = E7DB20C22445B35700A3CAE1 /* Big2DetailListView.swift */; };
		E7DB20C524470DE700A3CAE1 /* Big2DetailListViewModel.swift in Sources */ = {isa = PBXBuildFile; fileRef = E7DB20C424470DE700A3CAE1 /* Big2DetailListViewModel.swift */; };
		E7F1349C247A8EF800EE4D51 /* MarkSpecial.swift in Sources */ = {isa = PBXBuildFile; fileRef = E7F1349B247A8EF800EE4D51 /* MarkSpecial.swift */; };
		E7F1349E247A8F0700EE4D51 /* MarkSpecialModel.swift in Sources */ = {isa = PBXBuildFile; fileRef = E7F1349D247A8F0600EE4D51 /* MarkSpecialModel.swift */; };
		E7F134A1247F9D0500EE4D51 /* LocationView.swift in Sources */ = {isa = PBXBuildFile; fileRef = E7F134A0247F9D0500EE4D51 /* LocationView.swift */; };
		E7F134A3247F9D1B00EE4D51 /* LocationViewModel.swift in Sources */ = {isa = PBXBuildFile; fileRef = E7F134A2247F9D1B00EE4D51 /* LocationViewModel.swift */; };
		E7F134A5247FA23C00EE4D51 /* Location.swift in Sources */ = {isa = PBXBuildFile; fileRef = E7F134A4247FA23C00EE4D51 /* Location.swift */; };
		E7F134A92480E53E00EE4D51 /* enum.swift in Sources */ = {isa = PBXBuildFile; fileRef = E7F134A82480E53E00EE4D51 /* enum.swift */; };
		E7F134AB2483CF4E00EE4D51 /* TextFieldAlert.swift in Sources */ = {isa = PBXBuildFile; fileRef = E7F134AA2483CF4E00EE4D51 /* TextFieldAlert.swift */; };
		E7F134AD2484DF2300EE4D51 /* CustomAlertWithTextField.swift in Sources */ = {isa = PBXBuildFile; fileRef = E7F134AC2484DF2300EE4D51 /* CustomAlertWithTextField.swift */; };
		E7F134AF2486763C00EE4D51 /* SearchGameDetailRow.swift in Sources */ = {isa = PBXBuildFile; fileRef = E7F134AE2486763C00EE4D51 /* SearchGameDetailRow.swift */; };
		E7F134B1248676C600EE4D51 /* SearchGameDetailRowViewModel.swift in Sources */ = {isa = PBXBuildFile; fileRef = E7F134B0248676C600EE4D51 /* SearchGameDetailRowViewModel.swift */; };
		E7F6F33F2450646A004DB1EA /* Big2DetailView.swift in Sources */ = {isa = PBXBuildFile; fileRef = E7F6F33E2450646A004DB1EA /* Big2DetailView.swift */; };
		E7F6F3412450647C004DB1EA /* Big2DetailViewModel.swift in Sources */ = {isa = PBXBuildFile; fileRef = E7F6F3402450647C004DB1EA /* Big2DetailViewModel.swift */; };
		E7F6F343245065C3004DB1EA /* Big2PlayerScoreCard.swift in Sources */ = {isa = PBXBuildFile; fileRef = E7F6F342245065C3004DB1EA /* Big2PlayerScoreCard.swift */; };
		EB50AE971F876DED003B9264 /* UIViewController+Alerts.m in Sources */ = {isa = PBXBuildFile; fileRef = EB50AE951F876DED003B9264 /* UIViewController+Alerts.m */; };
		EB579E971F1CD3FA002E31A7 /* AppDelegate.swift in Sources */ = {isa = PBXBuildFile; fileRef = EB579E961F1CD3FA002E31A7 /* AppDelegate.swift */; };
		EB579EA11F1CD3FA002E31A7 /* LaunchScreen.storyboard in Resources */ = {isa = PBXBuildFile; fileRef = EB579E9F1F1CD3FA002E31A7 /* LaunchScreen.storyboard */; };
		EB579EC11F1CE4ED002E31A7 /* Extension.swift in Sources */ = {isa = PBXBuildFile; fileRef = EB579EC01F1CE4ED002E31A7 /* Extension.swift */; };
		EB579EC51F1CE963002E31A7 /* User.swift in Sources */ = {isa = PBXBuildFile; fileRef = EB579EC41F1CE963002E31A7 /* User.swift */; };
		EBA420241F667A0F0010BFC7 /* Utility.swift in Sources */ = {isa = PBXBuildFile; fileRef = EBA420231F667A0F0010BFC7 /* Utility.swift */; };
/* End PBXBuildFile section */

/* Begin PBXCopyFilesBuildPhase section */
		E7AD440E2437108600B1200C /* Embed App Extensions */ = {
			isa = PBXCopyFilesBuildPhase;
			buildActionMask = 2147483647;
			dstPath = "";
			dstSubfolderSpec = 13;
			files = (
			);
			name = "Embed App Extensions";
			runOnlyForDeploymentPostprocessing = 0;
		};
/* End PBXCopyFilesBuildPhase section */

/* Begin PBXFileReference section */
		3CA6C9B5ADF2A38ED44F36AE /* Pods_TestSkill.framework */ = {isa = PBXFileReference; explicitFileType = wrapper.framework; includeInIndex = 0; path = Pods_TestSkill.framework; sourceTree = BUILT_PRODUCTS_DIR; };
		490B503289F94BA60C70C937 /* Pods-TestSkill.debug.xcconfig */ = {isa = PBXFileReference; includeInIndex = 1; lastKnownFileType = text.xcconfig; name = "Pods-TestSkill.debug.xcconfig"; path = "Pods/Target Support Files/Pods-TestSkill/Pods-TestSkill.debug.xcconfig"; sourceTree = "<group>"; };
		7C4780E1E86C4DAA59C16EAF /* Pods-TestSkill.release.xcconfig */ = {isa = PBXFileReference; includeInIndex = 1; lastKnownFileType = text.xcconfig; name = "Pods-TestSkill.release.xcconfig"; path = "Pods/Target Support Files/Pods-TestSkill/Pods-TestSkill.release.xcconfig"; sourceTree = "<group>"; };
		E518F60D22F067B10012CC2D /* Game.swift */ = {isa = PBXFileReference; fileEncoding = 4; lastKnownFileType = sourcecode.swift; path = Game.swift; sourceTree = "<group>"; };
		E518F60F22F067D40012CC2D /* UserGroup.swift */ = {isa = PBXFileReference; fileEncoding = 4; lastKnownFileType = sourcecode.swift; path = UserGroup.swift; sourceTree = "<group>"; };
		E518F61122F067DD0012CC2D /* UserHistory.swift */ = {isa = PBXFileReference; fileEncoding = 4; lastKnownFileType = sourcecode.swift; path = UserHistory.swift; sourceTree = "<group>"; };
		E51DB7A422F2995400CD7BFF /* GameDetail.swift */ = {isa = PBXFileReference; fileEncoding = 4; lastKnownFileType = sourcecode.swift; path = GameDetail.swift; sourceTree = "<group>"; };
		E51DB7A622F2996000CD7BFF /* GameRecord.swift */ = {isa = PBXFileReference; fileEncoding = 4; lastKnownFileType = sourcecode.swift; path = GameRecord.swift; sourceTree = "<group>"; };
		E51DB7A822F3262700CD7BFF /* PlayGroup.swift */ = {isa = PBXFileReference; fileEncoding = 4; lastKnownFileType = sourcecode.swift; path = PlayGroup.swift; sourceTree = "<group>"; };
		E583F43C2321338600BFD75D /* FrontEndController.swift */ = {isa = PBXFileReference; lastKnownFileType = sourcecode.swift; path = FrontEndController.swift; sourceTree = "<group>"; };
		E5992351232DF094008AECD6 /* Assets.xcassets */ = {isa = PBXFileReference; lastKnownFileType = folder.assetcatalog; path = Assets.xcassets; sourceTree = "<group>"; };
		E73F5F00243AEA2500B8FC83 /* SignInWithApple.swift */ = {isa = PBXFileReference; lastKnownFileType = sourcecode.swift; path = SignInWithApple.swift; sourceTree = "<group>"; };
		E73F5F02243AEBBC00B8FC83 /* SignInWithAppleDelegates.swift */ = {isa = PBXFileReference; lastKnownFileType = sourcecode.swift; path = SignInWithAppleDelegates.swift; sourceTree = "<group>"; };
		E73F5F05243AF1FB00B8FC83 /* UserData.swift */ = {isa = PBXFileReference; fileEncoding = 4; lastKnownFileType = sourcecode.swift; path = UserData.swift; sourceTree = "<group>"; };
		E73F5F06243AF1FB00B8FC83 /* UserDataKeychain.swift */ = {isa = PBXFileReference; fileEncoding = 4; lastKnownFileType = sourcecode.swift; path = UserDataKeychain.swift; sourceTree = "<group>"; };
		E73F5F07243AF1FB00B8FC83 /* Keychain.swift */ = {isa = PBXFileReference; fileEncoding = 4; lastKnownFileType = sourcecode.swift; path = Keychain.swift; sourceTree = "<group>"; };
		E73F5F08243AF1FB00B8FC83 /* SharedWebCredential.swift */ = {isa = PBXFileReference; fileEncoding = 4; lastKnownFileType = sourcecode.swift; path = SharedWebCredential.swift; sourceTree = "<group>"; };
		E74A7D2F2420DC250025D860 /* SearchView.swift */ = {isa = PBXFileReference; lastKnownFileType = sourcecode.swift; path = SearchView.swift; sourceTree = "<group>"; };
		E74A7D31242239240025D860 /* SearchViewModel.swift */ = {isa = PBXFileReference; lastKnownFileType = sourcecode.swift; path = SearchViewModel.swift; sourceTree = "<group>"; wrapsLines = 0; };
		E74A7D3324223C4D0025D860 /* RadioButton.swift */ = {isa = PBXFileReference; lastKnownFileType = sourcecode.swift; path = RadioButton.swift; sourceTree = "<group>"; };
		E74A7D35242347DE0025D860 /* AdminView.swift */ = {isa = PBXFileReference; lastKnownFileType = sourcecode.swift; path = AdminView.swift; sourceTree = "<group>"; };
		E74A7D382423480B0025D860 /* AdminViewModel.swift */ = {isa = PBXFileReference; fileEncoding = 4; lastKnownFileType = sourcecode.swift; path = AdminViewModel.swift; sourceTree = "<group>"; };
		E751D31B254C5B8100445741 /* gameDetailPassing.swift */ = {isa = PBXFileReference; lastKnownFileType = sourcecode.swift; path = gameDetailPassing.swift; sourceTree = "<group>"; };
		E751D31E254D113400445741 /* DisplayFriendViewOption.swift */ = {isa = PBXFileReference; lastKnownFileType = sourcecode.swift; path = DisplayFriendViewOption.swift; sourceTree = "<group>"; };
		E7535D62233B8F360042CFDF /* ProviderUser.swift */ = {isa = PBXFileReference; fileEncoding = 4; lastKnownFileType = sourcecode.swift; path = ProviderUser.swift; sourceTree = "<group>"; };
		E759F0912334C331009EB368 /* LoginManager.swift */ = {isa = PBXFileReference; fileEncoding = 4; lastKnownFileType = sourcecode.swift; path = LoginManager.swift; sourceTree = "<group>"; };
		E759F0932334C3C6009EB368 /* FaceBookConstant.swift */ = {isa = PBXFileReference; fileEncoding = 4; lastKnownFileType = sourcecode.swift; path = FaceBookConstant.swift; sourceTree = "<group>"; };
		E75B86FD248FC483002B0682 /* GameUpperViewModel.swift */ = {isa = PBXFileReference; lastKnownFileType = sourcecode.swift; path = GameUpperViewModel.swift; sourceTree = "<group>"; };
		E75B86FF249111C3002B0682 /* MainTabViewModel.swift */ = {isa = PBXFileReference; lastKnownFileType = sourcecode.swift; path = MainTabViewModel.swift; sourceTree = "<group>"; };
		E75B87012492162A002B0682 /* PeriodSelectionView.swift */ = {isa = PBXFileReference; lastKnownFileType = sourcecode.swift; path = PeriodSelectionView.swift; sourceTree = "<group>"; };
		E75B870324921639002B0682 /* PeriodSelectionViewModel.swift */ = {isa = PBXFileReference; lastKnownFileType = sourcecode.swift; path = PeriodSelectionViewModel.swift; sourceTree = "<group>"; };
		E773819A23D000D9002344FE /* LoginViewModel.swift */ = {isa = PBXFileReference; lastKnownFileType = sourcecode.swift; path = LoginViewModel.swift; sourceTree = "<group>"; };
		E773819C23D03001002344FE /* RegistorViewModel.swift */ = {isa = PBXFileReference; fileEncoding = 4; lastKnownFileType = sourcecode.swift; path = RegistorViewModel.swift; sourceTree = "<group>"; };
		E77381A023D0331A002344FE /* SocialLogin.swift */ = {isa = PBXFileReference; lastKnownFileType = sourcecode.swift; path = SocialLogin.swift; sourceTree = "<group>"; };
		E77381A523D1D26F002344FE /* FjallaOne-Regular.ttf */ = {isa = PBXFileReference; lastKnownFileType = file; path = "FjallaOne-Regular.ttf"; sourceTree = "<group>"; };
		E77381A623D1D26F002344FE /* American Captain.otf */ = {isa = PBXFileReference; lastKnownFileType = file; path = "American Captain.otf"; sourceTree = "<group>"; };
		E77381A723D1D26F002344FE /* FHACondFrenchNC.otf */ = {isa = PBXFileReference; lastKnownFileType = file; path = FHACondFrenchNC.otf; sourceTree = "<group>"; };
		E774CC5E24CE67960067C35B /* GamePassingObject.swift */ = {isa = PBXFileReference; lastKnownFileType = sourcecode.swift; path = GamePassingObject.swift; sourceTree = "<group>"; };
		E777394B245C2868002048E5 /* Big2DetailPopUp.swift */ = {isa = PBXFileReference; fileEncoding = 4; lastKnownFileType = sourcecode.swift; path = Big2DetailPopUp.swift; sourceTree = "<group>"; };
		E777394D245C442A002048E5 /* Big2GameDetail.swift */ = {isa = PBXFileReference; fileEncoding = 4; lastKnownFileType = sourcecode.swift; path = Big2GameDetail.swift; sourceTree = "<group>"; };
		E777394F245E81F2002048E5 /* CheckboxToggleStyle.swift */ = {isa = PBXFileReference; lastKnownFileType = sourcecode.swift; path = CheckboxToggleStyle.swift; sourceTree = "<group>"; };
		E77CEF2123CAD80B006E65D8 /* ImageView.swift */ = {isa = PBXFileReference; lastKnownFileType = sourcecode.swift; path = ImageView.swift; sourceTree = "<group>"; };
		E77E3CD023BF83E10039F223 /* PageControl.swift */ = {isa = PBXFileReference; fileEncoding = 4; lastKnownFileType = sourcecode.swift; path = PageControl.swift; sourceTree = "<group>"; };
		E77E3CD123BF83E10039F223 /* PageView.swift */ = {isa = PBXFileReference; fileEncoding = 4; lastKnownFileType = sourcecode.swift; path = PageView.swift; sourceTree = "<group>"; };
		E77E3CD223BF83E10039F223 /* PageViewController.swift */ = {isa = PBXFileReference; fileEncoding = 4; lastKnownFileType = sourcecode.swift; path = PageViewController.swift; sourceTree = "<group>"; };
		E77E3CF023BF97950039F223 /* MainTabView.swift */ = {isa = PBXFileReference; lastKnownFileType = sourcecode.swift; path = MainTabView.swift; sourceTree = "<group>"; };
		E77E3CF223C056DE0039F223 /* MenuPage.swift */ = {isa = PBXFileReference; lastKnownFileType = sourcecode.swift; path = MenuPage.swift; sourceTree = "<group>"; };
		E77E3CF423C0901A0039F223 /* GameView.swift */ = {isa = PBXFileReference; lastKnownFileType = sourcecode.swift; path = GameView.swift; sourceTree = "<group>"; };
		E77E3CF623C095EE0039F223 /* GameRow.swift */ = {isa = PBXFileReference; lastKnownFileType = sourcecode.swift; path = GameRow.swift; sourceTree = "<group>"; };
		E77E3CFA23C0A5650039F223 /* AddPlayGroupView.swift */ = {isa = PBXFileReference; lastKnownFileType = sourcecode.swift; path = AddPlayGroupView.swift; sourceTree = "<group>"; };
		E77E3CFC23C0E7A00039F223 /* AddGameView.swift */ = {isa = PBXFileReference; fileEncoding = 4; lastKnownFileType = sourcecode.swift; path = AddGameView.swift; sourceTree = "<group>"; };
		E77E3CFF23C17A390039F223 /* SwiftUIModifer.swift */ = {isa = PBXFileReference; lastKnownFileType = sourcecode.swift; path = SwiftUIModifer.swift; sourceTree = "<group>"; };
		E77E3D0123C192820039F223 /* PageViewArea.swift */ = {isa = PBXFileReference; fileEncoding = 4; lastKnownFileType = sourcecode.swift; path = PageViewArea.swift; sourceTree = "<group>"; };
		E782D1E323D8693B0060233B /* GameViewModel.swift */ = {isa = PBXFileReference; fileEncoding = 4; lastKnownFileType = sourcecode.swift; path = GameViewModel.swift; sourceTree = "<group>"; };
		E782D1E823D8783B0060233B /* Page.swift */ = {isa = PBXFileReference; lastKnownFileType = sourcecode.swift; path = Page.swift; sourceTree = "<group>"; };
		E782D1EA23D880290060233B /* DisplayPlayerGroupView.swift */ = {isa = PBXFileReference; fileEncoding = 4; lastKnownFileType = sourcecode.swift; path = DisplayPlayerGroupView.swift; sourceTree = "<group>"; };
		E782D1EC23D880870060233B /* DisplayPlayGroupViewModel.swift */ = {isa = PBXFileReference; fileEncoding = 4; lastKnownFileType = sourcecode.swift; path = DisplayPlayGroupViewModel.swift; sourceTree = "<group>"; };
		E782D1EE23D89BCD0060233B /* AddPlayGroupViewModel.swift */ = {isa = PBXFileReference; fileEncoding = 4; lastKnownFileType = sourcecode.swift; path = AddPlayGroupViewModel.swift; sourceTree = "<group>"; };
		E783FFAC23C46BB500EF0FDE /* ImagePickerView.swift */ = {isa = PBXFileReference; fileEncoding = 4; lastKnownFileType = sourcecode.swift; path = ImagePickerView.swift; sourceTree = "<group>"; };
		E78453E0243DD34F00629FB9 /* GameLK.swift */ = {isa = PBXFileReference; lastKnownFileType = sourcecode.swift; path = GameLK.swift; sourceTree = "<group>"; };
		E78453E2243DD36300629FB9 /* GameLKModel.swift */ = {isa = PBXFileReference; fileEncoding = 4; lastKnownFileType = sourcecode.swift; path = GameLKModel.swift; sourceTree = "<group>"; };
		E785A69E23BCD6C7003F0A78 /* GameDetailPopUp.swift */ = {isa = PBXFileReference; lastKnownFileType = sourcecode.swift; path = GameDetailPopUp.swift; sourceTree = "<group>"; };
		E785A6A123BE3110003F0A78 /* RegisterPage.swift */ = {isa = PBXFileReference; lastKnownFileType = sourcecode.swift; path = RegisterPage.swift; sourceTree = "<group>"; };
		E785A6A323BEE5E0003F0A78 /* LoginView.swift */ = {isa = PBXFileReference; lastKnownFileType = sourcecode.swift; path = LoginView.swift; sourceTree = "<group>"; };
		E791DED624CFCF9F00343682 /* GoogleDelegates.swift */ = {isa = PBXFileReference; fileEncoding = 4; lastKnownFileType = sourcecode.swift; path = GoogleDelegates.swift; sourceTree = "<group>"; };
		E79ADFF923F922F100FD1282 /* GameDetailViewModel.swift */ = {isa = PBXFileReference; fileEncoding = 4; lastKnownFileType = sourcecode.swift; path = GameDetailViewModel.swift; sourceTree = "<group>"; };
		E79ADFFE23FBC92B00FD1282 /* GameViewUpperArea.swift */ = {isa = PBXFileReference; lastKnownFileType = sourcecode.swift; path = GameViewUpperArea.swift; sourceTree = "<group>"; };
		E79AE00023FBCA3B00FD1282 /* GameViewListHistoryArea.swift */ = {isa = PBXFileReference; lastKnownFileType = sourcecode.swift; path = GameViewListHistoryArea.swift; sourceTree = "<group>"; };
		E79AE00623FE57DE00FD1282 /* ImageCache.swift */ = {isa = PBXFileReference; lastKnownFileType = sourcecode.swift; path = ImageCache.swift; sourceTree = "<group>"; };
		E79AE04E240F991B00FD1282 /* DisplayFriendView.swift */ = {isa = PBXFileReference; fileEncoding = 4; lastKnownFileType = sourcecode.swift; path = DisplayFriendView.swift; sourceTree = "<group>"; };
		E79AE050240F993700FD1282 /* DisplayFriendViewModel.swift */ = {isa = PBXFileReference; fileEncoding = 4; lastKnownFileType = sourcecode.swift; path = DisplayFriendViewModel.swift; sourceTree = "<group>"; };
		E79AE0532410CA7900FD1282 /* MenuPageViewModel.swift */ = {isa = PBXFileReference; lastKnownFileType = sourcecode.swift; path = MenuPageViewModel.swift; sourceTree = "<group>"; };
		E79AE08F24150D9F00FD1282 /* GameDetailListView.swift */ = {isa = PBXFileReference; lastKnownFileType = sourcecode.swift; path = GameDetailListView.swift; sourceTree = "<group>"; wrapsLines = 0; };
		E79AE09124150E1600FD1282 /* GameDetailListViewModel.swift */ = {isa = PBXFileReference; lastKnownFileType = sourcecode.swift; path = GameDetailListViewModel.swift; sourceTree = "<group>"; };
		E7A3614B23E405B600A66E7C /* SceneDelegate.swift */ = {isa = PBXFileReference; lastKnownFileType = sourcecode.swift; path = SceneDelegate.swift; sourceTree = "<group>"; };
		E7ABFE6723E69E3900231F66 /* FullscreenModalView.swift */ = {isa = PBXFileReference; lastKnownFileType = sourcecode.swift; path = FullscreenModalView.swift; sourceTree = "<group>"; };
		E7ABFE6923E6A8EB00231F66 /* DisplayPlayerGroupRow.swift */ = {isa = PBXFileReference; lastKnownFileType = sourcecode.swift; path = DisplayPlayerGroupRow.swift; sourceTree = "<group>"; };
		E7ABFE6B23E6AD0300231F66 /* AddPlayGroupPlayerRow.swift */ = {isa = PBXFileReference; fileEncoding = 4; lastKnownFileType = sourcecode.swift; path = AddPlayGroupPlayerRow.swift; sourceTree = "<group>"; };
		E7ABFE6D23E6B5F200231F66 /* DisplayFriendRow.swift */ = {isa = PBXFileReference; fileEncoding = 4; lastKnownFileType = sourcecode.swift; path = DisplayFriendRow.swift; sourceTree = "<group>"; };
		E7ABFE7123E7C3CB00231F66 /* GameRowViewModel.swift */ = {isa = PBXFileReference; fileEncoding = 4; lastKnownFileType = sourcecode.swift; path = GameRowViewModel.swift; sourceTree = "<group>"; };
		E7ABFE8223E987B200231F66 /* AddGameViewModel.swift */ = {isa = PBXFileReference; fileEncoding = 4; lastKnownFileType = sourcecode.swift; path = AddGameViewModel.swift; sourceTree = "<group>"; };
		E7ABFE8423E9B2EF00231F66 /* AddGameViewRow.swift */ = {isa = PBXFileReference; fileEncoding = 4; lastKnownFileType = sourcecode.swift; path = AddGameViewRow.swift; sourceTree = "<group>"; };
		E7AD43BC242A77D100B1200C /* SwapUser.swift */ = {isa = PBXFileReference; lastKnownFileType = sourcecode.swift; path = SwapUser.swift; sourceTree = "<group>"; };
		E7AD43BE242B025D00B1200C /* SwapUserViewModel.swift */ = {isa = PBXFileReference; lastKnownFileType = sourcecode.swift; path = SwapUserViewModel.swift; sourceTree = "<group>"; };
		E7AD43C0242CF79500B1200C /* AddFriendView.swift */ = {isa = PBXFileReference; fileEncoding = 4; lastKnownFileType = sourcecode.swift; path = AddFriendView.swift; sourceTree = "<group>"; };
		E7AD43C3242CF7B900B1200C /* FriendViewModel.swift */ = {isa = PBXFileReference; lastKnownFileType = sourcecode.swift; path = FriendViewModel.swift; sourceTree = "<group>"; };
		E7AD43C5242DB3D600B1200C /* AddFriendRow.swift */ = {isa = PBXFileReference; lastKnownFileType = sourcecode.swift; path = AddFriendRow.swift; sourceTree = "<group>"; };
		E7AD43C7242DFEE100B1200C /* CancelButton.swift */ = {isa = PBXFileReference; lastKnownFileType = sourcecode.swift; path = CancelButton.swift; sourceTree = "<group>"; };
		E7AD43C9242E074400B1200C /* SelectAllView.swift */ = {isa = PBXFileReference; lastKnownFileType = sourcecode.swift; path = SelectAllView.swift; sourceTree = "<group>"; };
		E7AD43CB242E1E1200B1200C /* RKMonthHeader.swift */ = {isa = PBXFileReference; fileEncoding = 4; lastKnownFileType = sourcecode.swift; path = RKMonthHeader.swift; sourceTree = "<group>"; };
		E7AD43CC242E1E1400B1200C /* RKTimeView.swift */ = {isa = PBXFileReference; fileEncoding = 4; lastKnownFileType = sourcecode.swift; path = RKTimeView.swift; sourceTree = "<group>"; };
		E7AD43CD242E1E1400B1200C /* RKViewController.swift */ = {isa = PBXFileReference; fileEncoding = 4; lastKnownFileType = sourcecode.swift; path = RKViewController.swift; sourceTree = "<group>"; };
		E7AD43CE242E1E1400B1200C /* RKDate.swift */ = {isa = PBXFileReference; fileEncoding = 4; lastKnownFileType = sourcecode.swift; path = RKDate.swift; sourceTree = "<group>"; };
		E7AD43CF242E1E1500B1200C /* RKManager.swift */ = {isa = PBXFileReference; fileEncoding = 4; lastKnownFileType = sourcecode.swift; path = RKManager.swift; sourceTree = "<group>"; };
		E7AD43D0242E1E1500B1200C /* RKWeekdayHeader.swift */ = {isa = PBXFileReference; fileEncoding = 4; lastKnownFileType = sourcecode.swift; path = RKWeekdayHeader.swift; sourceTree = "<group>"; };
		E7AD43D1242E1E1600B1200C /* RKColorSettings.swift */ = {isa = PBXFileReference; fileEncoding = 4; lastKnownFileType = sourcecode.swift; path = RKColorSettings.swift; sourceTree = "<group>"; };
		E7AD43D2242E1E1700B1200C /* RKCell.swift */ = {isa = PBXFileReference; fileEncoding = 4; lastKnownFileType = sourcecode.swift; path = RKCell.swift; sourceTree = "<group>"; };
		E7AD43D3242E1E1700B1200C /* RKMonth.swift */ = {isa = PBXFileReference; fileEncoding = 4; lastKnownFileType = sourcecode.swift; path = RKMonth.swift; sourceTree = "<group>"; };
		E7AD43D5242E1E1800B1200C /* RKPage.swift */ = {isa = PBXFileReference; fileEncoding = 4; lastKnownFileType = sourcecode.swift; path = RKPage.swift; sourceTree = "<group>"; };
		E7AD43D6242E1E1800B1200C /* RKWeeklyPage.swift */ = {isa = PBXFileReference; fileEncoding = 4; lastKnownFileType = sourcecode.swift; path = RKWeeklyPage.swift; sourceTree = "<group>"; };
		E7AD43D7242E1E1800B1200C /* RKPageView.swift */ = {isa = PBXFileReference; fileEncoding = 4; lastKnownFileType = sourcecode.swift; path = RKPageView.swift; sourceTree = "<group>"; };
		E7AD43D8242E1E1800B1200C /* ScrollableView.swift */ = {isa = PBXFileReference; fileEncoding = 4; lastKnownFileType = sourcecode.swift; path = ScrollableView.swift; sourceTree = "<group>"; };
		E7AD43E72430E97B00B1200C /* Terms.swift */ = {isa = PBXFileReference; lastKnownFileType = sourcecode.swift; path = Terms.swift; sourceTree = "<group>"; };
		E7AD43EA24319F6700B1200C /* ContactUs.swift */ = {isa = PBXFileReference; fileEncoding = 4; lastKnownFileType = sourcecode.swift; path = ContactUs.swift; sourceTree = "<group>"; };
		E7AD43EC2431A70600B1200C /* CustomAlertView.swift */ = {isa = PBXFileReference; lastKnownFileType = sourcecode.swift; path = CustomAlertView.swift; sourceTree = "<group>"; };
		E7AD43EE2431C60D00B1200C /* RegisterHelper.swift */ = {isa = PBXFileReference; lastKnownFileType = sourcecode.swift; path = RegisterHelper.swift; sourceTree = "<group>"; };
		E7AD43F12431E60400B1200C /* ForgetPasswordView.swift */ = {isa = PBXFileReference; fileEncoding = 4; lastKnownFileType = sourcecode.swift; path = ForgetPasswordView.swift; sourceTree = "<group>"; };
		E7AD43F32435B29600B1200C /* KeyboardResponsiveModifier.swift */ = {isa = PBXFileReference; lastKnownFileType = sourcecode.swift; path = KeyboardResponsiveModifier.swift; sourceTree = "<group>"; };
		E7AD43F724363D1800B1200C /* FriendRequestView.swift */ = {isa = PBXFileReference; fileEncoding = 4; lastKnownFileType = sourcecode.swift; path = FriendRequestView.swift; sourceTree = "<group>"; };
		E7AD43F924363D3000B1200C /* FriendRequestViewModel.swift */ = {isa = PBXFileReference; fileEncoding = 4; lastKnownFileType = sourcecode.swift; path = FriendRequestViewModel.swift; sourceTree = "<group>"; };
		E7AD44002437108600B1200C /* UserNotifications.framework */ = {isa = PBXFileReference; lastKnownFileType = wrapper.framework; name = UserNotifications.framework; path = System/Library/Frameworks/UserNotifications.framework; sourceTree = SDKROOT; };
		E7AD44022437108600B1200C /* UserNotificationsUI.framework */ = {isa = PBXFileReference; lastKnownFileType = wrapper.framework; name = UserNotificationsUI.framework; path = System/Library/Frameworks/UserNotificationsUI.framework; sourceTree = SDKROOT; };
		E7B3429723B83E2300A5C566 /* GameDetailView.swift */ = {isa = PBXFileReference; lastKnownFileType = sourcecode.swift; name = GameDetailView.swift; path = TestSkill/GameDetail/GameDetailView.swift; sourceTree = SOURCE_ROOT; };
		E7B3429923B8E8E000A5C566 /* IndividualScoreDisplay.swift */ = {isa = PBXFileReference; lastKnownFileType = sourcecode.swift; path = IndividualScoreDisplay.swift; sourceTree = "<group>"; };
		E7B3429B23B907E600A5C566 /* DisplayBoard.swift */ = {isa = PBXFileReference; lastKnownFileType = sourcecode.swift; path = DisplayBoard.swift; sourceTree = "<group>"; };
		E7C5694C24CAFD63009FCD72 /* GoogleService-Info.plist */ = {isa = PBXFileReference; fileEncoding = 4; lastKnownFileType = text.plist.xml; path = "GoogleService-Info.plist"; sourceTree = "<group>"; };
		E7C5694D24CAFD64009FCD72 /* Info.plist */ = {isa = PBXFileReference; fileEncoding = 4; lastKnownFileType = text.plist.xml; path = Info.plist; sourceTree = "<group>"; };
		E7C8DB0C248CB87E0003FB1E /* UserDisplay.swift */ = {isa = PBXFileReference; lastKnownFileType = sourcecode.swift; path = UserDisplay.swift; sourceTree = "<group>"; };
		E7C8DB0E248CCBA30003FB1E /* ListPagination.swift */ = {isa = PBXFileReference; fileEncoding = 4; lastKnownFileType = sourcecode.swift; path = ListPagination.swift; sourceTree = "<group>"; };
		E7C8DB0F248CCBA40003FB1E /* SpinnerView.swift */ = {isa = PBXFileReference; fileEncoding = 4; lastKnownFileType = sourcecode.swift; path = SpinnerView.swift; sourceTree = "<group>"; };
		E7C8DB12248D04070003FB1E /* TextPage.swift */ = {isa = PBXFileReference; lastKnownFileType = sourcecode.swift; path = TextPage.swift; sourceTree = "<group>"; };
		E7C8DB19248E7CE30003FB1E /* ResultView.swift */ = {isa = PBXFileReference; lastKnownFileType = sourcecode.swift; path = ResultView.swift; sourceTree = "<group>"; };
		E7C8DB1B248E7CF30003FB1E /* ResultViewModel.swift */ = {isa = PBXFileReference; lastKnownFileType = sourcecode.swift; path = ResultViewModel.swift; sourceTree = "<group>"; };
		E7CF804C24388DC400B7D882 /* FdsRequest.swift */ = {isa = PBXFileReference; fileEncoding = 4; lastKnownFileType = sourcecode.swift; path = FdsRequest.swift; sourceTree = "<group>"; };
		E7CF804E2438BEB500B7D882 /* MarkFlownView.swift */ = {isa = PBXFileReference; lastKnownFileType = sourcecode.swift; path = MarkFlownView.swift; sourceTree = "<group>"; };
		E7CF80502438BECF00B7D882 /* MarkFlownViewModel.swift */ = {isa = PBXFileReference; lastKnownFileType = sourcecode.swift; path = MarkFlownViewModel.swift; sourceTree = "<group>"; };
		E7CF80522438DD5B00B7D882 /* UpdateBalanceView.swift */ = {isa = PBXFileReference; fileEncoding = 4; lastKnownFileType = sourcecode.swift; path = UpdateBalanceView.swift; sourceTree = "<group>"; };
		E7CF80562438DE2100B7D882 /* UpdateBalanceViewModel.swift */ = {isa = PBXFileReference; fileEncoding = 4; lastKnownFileType = sourcecode.swift; path = UpdateBalanceViewModel.swift; sourceTree = "<group>"; };
		E7D945212425C18C008EEED0 /* SearchGameView.swift */ = {isa = PBXFileReference; lastKnownFileType = sourcecode.swift; path = SearchGameView.swift; sourceTree = "<group>"; };
		E7D945232425C1AD008EEED0 /* SearchGameViewModel.swift */ = {isa = PBXFileReference; lastKnownFileType = sourcecode.swift; path = SearchGameViewModel.swift; sourceTree = "<group>"; };
		E7D945252425C796008EEED0 /* SearchGameRow.swift */ = {isa = PBXFileReference; lastKnownFileType = sourcecode.swift; path = SearchGameRow.swift; sourceTree = "<group>"; };
		E7D94527242608B8008EEED0 /* GameViewListAreaViewModel.swift */ = {isa = PBXFileReference; lastKnownFileType = sourcecode.swift; path = GameViewListAreaViewModel.swift; sourceTree = "<group>"; };
		E7D94529242631D0008EEED0 /* SearchGameDetailView.swift */ = {isa = PBXFileReference; lastKnownFileType = sourcecode.swift; path = SearchGameDetailView.swift; sourceTree = "<group>"; };
		E7D9452B242631ED008EEED0 /* SearchGameDetailViewModel.swift */ = {isa = PBXFileReference; lastKnownFileType = sourcecode.swift; path = SearchGameDetailViewModel.swift; sourceTree = "<group>"; };
		E7D9452D24268A12008EEED0 /* GameRecordDisplayViewRow.swift */ = {isa = PBXFileReference; lastKnownFileType = sourcecode.swift; path = GameRecordDisplayViewRow.swift; sourceTree = "<group>"; };
		E7D96625239CC8F5001C545F /* ColorHelper.swift */ = {isa = PBXFileReference; fileEncoding = 4; lastKnownFileType = sourcecode.swift; path = ColorHelper.swift; sourceTree = "<group>"; };
		E7D96626239CC8F5001C545F /* Font.swift */ = {isa = PBXFileReference; fileEncoding = 4; lastKnownFileType = sourcecode.swift; path = Font.swift; sourceTree = "<group>"; };
		E7DB20BE244314A700A3CAE1 /* ProfileView.swift */ = {isa = PBXFileReference; lastKnownFileType = sourcecode.swift; path = ProfileView.swift; sourceTree = "<group>"; };
		E7DB20C0244314E200A3CAE1 /* ProfileViewModel.swift */ = {isa = PBXFileReference; lastKnownFileType = sourcecode.swift; path = ProfileViewModel.swift; sourceTree = "<group>"; };
		E7DB20C22445B35700A3CAE1 /* Big2DetailListView.swift */ = {isa = PBXFileReference; lastKnownFileType = sourcecode.swift; path = Big2DetailListView.swift; sourceTree = "<group>"; };
		E7DB20C424470DE700A3CAE1 /* Big2DetailListViewModel.swift */ = {isa = PBXFileReference; lastKnownFileType = sourcecode.swift; path = Big2DetailListViewModel.swift; sourceTree = "<group>"; };
		E7F1349B247A8EF800EE4D51 /* MarkSpecial.swift */ = {isa = PBXFileReference; fileEncoding = 4; lastKnownFileType = sourcecode.swift; path = MarkSpecial.swift; sourceTree = "<group>"; };
		E7F1349D247A8F0600EE4D51 /* MarkSpecialModel.swift */ = {isa = PBXFileReference; fileEncoding = 4; lastKnownFileType = sourcecode.swift; path = MarkSpecialModel.swift; sourceTree = "<group>"; };
		E7F134A0247F9D0500EE4D51 /* LocationView.swift */ = {isa = PBXFileReference; lastKnownFileType = sourcecode.swift; path = LocationView.swift; sourceTree = "<group>"; };
		E7F134A2247F9D1B00EE4D51 /* LocationViewModel.swift */ = {isa = PBXFileReference; lastKnownFileType = sourcecode.swift; path = LocationViewModel.swift; sourceTree = "<group>"; };
		E7F134A4247FA23C00EE4D51 /* Location.swift */ = {isa = PBXFileReference; lastKnownFileType = sourcecode.swift; path = Location.swift; sourceTree = "<group>"; };
		E7F134A82480E53E00EE4D51 /* enum.swift */ = {isa = PBXFileReference; lastKnownFileType = sourcecode.swift; path = enum.swift; sourceTree = "<group>"; };
		E7F134AA2483CF4E00EE4D51 /* TextFieldAlert.swift */ = {isa = PBXFileReference; lastKnownFileType = sourcecode.swift; path = TextFieldAlert.swift; sourceTree = "<group>"; };
		E7F134AC2484DF2300EE4D51 /* CustomAlertWithTextField.swift */ = {isa = PBXFileReference; lastKnownFileType = sourcecode.swift; path = CustomAlertWithTextField.swift; sourceTree = "<group>"; };
		E7F134AE2486763C00EE4D51 /* SearchGameDetailRow.swift */ = {isa = PBXFileReference; lastKnownFileType = sourcecode.swift; path = SearchGameDetailRow.swift; sourceTree = "<group>"; };
		E7F134B0248676C600EE4D51 /* SearchGameDetailRowViewModel.swift */ = {isa = PBXFileReference; lastKnownFileType = sourcecode.swift; path = SearchGameDetailRowViewModel.swift; sourceTree = "<group>"; };
		E7F6F33E2450646A004DB1EA /* Big2DetailView.swift */ = {isa = PBXFileReference; fileEncoding = 4; lastKnownFileType = sourcecode.swift; path = Big2DetailView.swift; sourceTree = "<group>"; };
		E7F6F3402450647C004DB1EA /* Big2DetailViewModel.swift */ = {isa = PBXFileReference; fileEncoding = 4; lastKnownFileType = sourcecode.swift; path = Big2DetailViewModel.swift; sourceTree = "<group>"; };
		E7F6F342245065C3004DB1EA /* Big2PlayerScoreCard.swift */ = {isa = PBXFileReference; lastKnownFileType = sourcecode.swift; path = Big2PlayerScoreCard.swift; sourceTree = "<group>"; };
		EB48ADDB1F69089300D109AA /* TestSkill.entitlements */ = {isa = PBXFileReference; lastKnownFileType = text.plist.entitlements; path = TestSkill.entitlements; sourceTree = "<group>"; };
		EB50AE951F876DED003B9264 /* UIViewController+Alerts.m */ = {isa = PBXFileReference; lastKnownFileType = sourcecode.c.objc; path = "UIViewController+Alerts.m"; sourceTree = "<group>"; };
		EB50AE961F876DED003B9264 /* UIViewController+Alerts.h */ = {isa = PBXFileReference; lastKnownFileType = sourcecode.c.h; path = "UIViewController+Alerts.h"; sourceTree = "<group>"; };
		EB579E931F1CD3FA002E31A7 /* myjongso.app */ = {isa = PBXFileReference; explicitFileType = wrapper.application; includeInIndex = 0; path = myjongso.app; sourceTree = BUILT_PRODUCTS_DIR; };
		EB579E961F1CD3FA002E31A7 /* AppDelegate.swift */ = {isa = PBXFileReference; lastKnownFileType = sourcecode.swift; path = AppDelegate.swift; sourceTree = "<group>"; };
		EB579EA01F1CD3FA002E31A7 /* Base */ = {isa = PBXFileReference; lastKnownFileType = file.storyboard; name = Base; path = Base.lproj/LaunchScreen.storyboard; sourceTree = "<group>"; };
		EB579EC01F1CE4ED002E31A7 /* Extension.swift */ = {isa = PBXFileReference; fileEncoding = 4; lastKnownFileType = sourcecode.swift; path = Extension.swift; sourceTree = "<group>"; };
		EB579EC41F1CE963002E31A7 /* User.swift */ = {isa = PBXFileReference; fileEncoding = 4; lastKnownFileType = sourcecode.swift; path = User.swift; sourceTree = "<group>"; };
		EBA420231F667A0F0010BFC7 /* Utility.swift */ = {isa = PBXFileReference; fileEncoding = 4; lastKnownFileType = sourcecode.swift; path = Utility.swift; sourceTree = "<group>"; };
		EBB950841F446288005D62E2 /* SwiftyJSON.framework */ = {isa = PBXFileReference; lastKnownFileType = wrapper.framework; name = SwiftyJSON.framework; path = "Pods/../build/Debug-iphoneos/SwiftyJSON/SwiftyJSON.framework"; sourceTree = "<group>"; };
/* End PBXFileReference section */

/* Begin PBXFrameworksBuildPhase section */
		EB579E901F1CD3FA002E31A7 /* Frameworks */ = {
			isa = PBXFrameworksBuildPhase;
			buildActionMask = 2147483647;
			files = (
				394E6055A2E84994640212ED /* Pods_TestSkill.framework in Frameworks */,
			);
			runOnlyForDeploymentPostprocessing = 0;
		};
/* End PBXFrameworksBuildPhase section */

/* Begin PBXGroup section */
		5601119098145CB763028C50 /* Pods */ = {
			isa = PBXGroup;
			children = (
				490B503289F94BA60C70C937 /* Pods-TestSkill.debug.xcconfig */,
				7C4780E1E86C4DAA59C16EAF /* Pods-TestSkill.release.xcconfig */,
			);
			name = Pods;
			sourceTree = "<group>";
		};
		E73F5F04243AF1FB00B8FC83 /* CredentialStorage */ = {
			isa = PBXGroup;
			children = (
				E73F5F05243AF1FB00B8FC83 /* UserData.swift */,
				E73F5F06243AF1FB00B8FC83 /* UserDataKeychain.swift */,
				E73F5F07243AF1FB00B8FC83 /* Keychain.swift */,
				E73F5F08243AF1FB00B8FC83 /* SharedWebCredential.swift */,
			);
			path = CredentialStorage;
			sourceTree = "<group>";
		};
		E74A7D2E2420DC130025D860 /* Search */ = {
			isa = PBXGroup;
			children = (
				E74A7D2F2420DC250025D860 /* SearchView.swift */,
				E74A7D31242239240025D860 /* SearchViewModel.swift */,
				E7D945212425C18C008EEED0 /* SearchGameView.swift */,
				E7D945232425C1AD008EEED0 /* SearchGameViewModel.swift */,
				E7D94529242631D0008EEED0 /* SearchGameDetailView.swift */,
				E7D9452B242631ED008EEED0 /* SearchGameDetailViewModel.swift */,
				E7F134AE2486763C00EE4D51 /* SearchGameDetailRow.swift */,
				E7F134B0248676C600EE4D51 /* SearchGameDetailRowViewModel.swift */,
				E7D9452D24268A12008EEED0 /* GameRecordDisplayViewRow.swift */,
				E7D945252425C796008EEED0 /* SearchGameRow.swift */,
			);
			path = Search;
			sourceTree = "<group>";
		};
		E74A7D37242347E60025D860 /* Admin */ = {
			isa = PBXGroup;
			children = (
				E74A7D35242347DE0025D860 /* AdminView.swift */,
				E74A7D382423480B0025D860 /* AdminViewModel.swift */,
				E78453E2243DD36300629FB9 /* GameLKModel.swift */,
				E78453E0243DD34F00629FB9 /* GameLK.swift */,
			);
			path = Admin;
			sourceTree = "<group>";
		};
		E773819E23D03006002344FE /* Login */ = {
			isa = PBXGroup;
			children = (
				E782D1E723D86F810060233B /* PageControl */,
				E7EDBFA323CF41C500F8998A /* Social Login */,
				E785A6A323BEE5E0003F0A78 /* LoginView.swift */,
				E773819A23D000D9002344FE /* LoginViewModel.swift */,
			);
			path = Login;
			sourceTree = "<group>";
		};
		E773819F23D03022002344FE /* Register */ = {
			isa = PBXGroup;
			children = (
				E783FFAC23C46BB500EF0FDE /* ImagePickerView.swift */,
				E785A6A123BE3110003F0A78 /* RegisterPage.swift */,
				E773819C23D03001002344FE /* RegistorViewModel.swift */,
				E7AD43EE2431C60D00B1200C /* RegisterHelper.swift */,
			);
			path = Register;
			sourceTree = "<group>";
		};
		E77381A423D1D264002344FE /* Fonts */ = {
			isa = PBXGroup;
			children = (
				E77381A623D1D26F002344FE /* American Captain.otf */,
				E77381A723D1D26F002344FE /* FHACondFrenchNC.otf */,
				E77381A523D1D26F002344FE /* FjallaOne-Regular.ttf */,
			);
			path = Fonts;
			sourceTree = "<group>";
		};
		E7773951245ED835002048E5 /* Big2GameDetail */ = {
			isa = PBXGroup;
			children = (
				E7F6F33E2450646A004DB1EA /* Big2DetailView.swift */,
				E7F6F3402450647C004DB1EA /* Big2DetailViewModel.swift */,
				E777394B245C2868002048E5 /* Big2DetailPopUp.swift */,
				E7DB20C22445B35700A3CAE1 /* Big2DetailListView.swift */,
				E7DB20C424470DE700A3CAE1 /* Big2DetailListViewModel.swift */,
				E7F6F342245065C3004DB1EA /* Big2PlayerScoreCard.swift */,
			);
			path = Big2GameDetail;
			sourceTree = "<group>";
		};
		E77E3CFE23C17A160039F223 /* Helper */ = {
			isa = PBXGroup;
			children = (
				E79AE00623FE57DE00FD1282 /* ImageCache.swift */,
				E7D96625239CC8F5001C545F /* ColorHelper.swift */,
				E7D96626239CC8F5001C545F /* Font.swift */,
				E7F134A82480E53E00EE4D51 /* enum.swift */,
				E77E3CFF23C17A390039F223 /* SwiftUIModifer.swift */,
				EB579EC01F1CE4ED002E31A7 /* Extension.swift */,
				E7AD43F32435B29600B1200C /* KeyboardResponsiveModifier.swift */,
				EBA420231F667A0F0010BFC7 /* Utility.swift */,
				E77CEF2123CAD80B006E65D8 /* ImageView.swift */,
				E7ABFE6723E69E3900231F66 /* FullscreenModalView.swift */,
				E74A7D3324223C4D0025D860 /* RadioButton.swift */,
				E7AD43C7242DFEE100B1200C /* CancelButton.swift */,
				E7AD43C9242E074400B1200C /* SelectAllView.swift */,
				E7AD43EC2431A70600B1200C /* CustomAlertView.swift */,
				E777394F245E81F2002048E5 /* CheckboxToggleStyle.swift */,
				E7F134AA2483CF4E00EE4D51 /* TextFieldAlert.swift */,
				E7C8DB0C248CB87E0003FB1E /* UserDisplay.swift */,
				E7C8DB0E248CCBA30003FB1E /* ListPagination.swift */,
				E7C8DB12248D04070003FB1E /* TextPage.swift */,
				E7C8DB0F248CCBA40003FB1E /* SpinnerView.swift */,
			);
			path = Helper;
			sourceTree = "<group>";
		};
		E77E3D0323C193D60039F223 /* DataObjectForTransfer */ = {
			isa = PBXGroup;
			children = (
			);
			path = DataObjectForTransfer;
			sourceTree = "<group>";
		};
		E782D1E223D868730060233B /* GameHistory */ = {
			isa = PBXGroup;
			children = (
				E77E3CF423C0901A0039F223 /* GameView.swift */,
				E79ADFFE23FBC92B00FD1282 /* GameViewUpperArea.swift */,
				E75B86FD248FC483002B0682 /* GameUpperViewModel.swift */,
				E79AE00023FBCA3B00FD1282 /* GameViewListHistoryArea.swift */,
				E7D94527242608B8008EEED0 /* GameViewListAreaViewModel.swift */,
				E77E3CF623C095EE0039F223 /* GameRow.swift */,
				E77E3CFC23C0E7A00039F223 /* AddGameView.swift */,
				E7ABFE7123E7C3CB00231F66 /* GameRowViewModel.swift */,
				E782D1E323D8693B0060233B /* GameViewModel.swift */,
				E7ABFE8223E987B200231F66 /* AddGameViewModel.swift */,
				E7ABFE8423E9B2EF00231F66 /* AddGameViewRow.swift */,
				E7CF804E2438BEB500B7D882 /* MarkFlownView.swift */,
				E7CF80502438BECF00B7D882 /* MarkFlownViewModel.swift */,
			);
			path = GameHistory;
			sourceTree = "<group>";
		};
		E782D1E523D86A8F0060233B /* Group */ = {
			isa = PBXGroup;
			children = (
				E77E3CFA23C0A5650039F223 /* AddPlayGroupView.swift */,
				E782D1EE23D89BCD0060233B /* AddPlayGroupViewModel.swift */,
				E7ABFE6B23E6AD0300231F66 /* AddPlayGroupPlayerRow.swift */,
				E782D1EA23D880290060233B /* DisplayPlayerGroupView.swift */,
				E7ABFE6923E6A8EB00231F66 /* DisplayPlayerGroupRow.swift */,
				E782D1EC23D880870060233B /* DisplayPlayGroupViewModel.swift */,
			);
			path = Group;
			sourceTree = "<group>";
		};
		E782D1E623D86AB50060233B /* Entry Point */ = {
			isa = PBXGroup;
			children = (
				EB579E961F1CD3FA002E31A7 /* AppDelegate.swift */,
				E7A3614B23E405B600A66E7C /* SceneDelegate.swift */,
				E583F43C2321338600BFD75D /* FrontEndController.swift */,
				E77E3CF023BF97950039F223 /* MainTabView.swift */,
				E75B86FF249111C3002B0682 /* MainTabViewModel.swift */,
			);
			path = "Entry Point";
			sourceTree = "<group>";
		};
		E782D1E723D86F810060233B /* PageControl */ = {
			isa = PBXGroup;
			children = (
				E77E3CD023BF83E10039F223 /* PageControl.swift */,
				E77E3CD123BF83E10039F223 /* PageView.swift */,
				E77E3D0123C192820039F223 /* PageViewArea.swift */,
				E782D1E823D8783B0060233B /* Page.swift */,
			);
			path = PageControl;
			sourceTree = "<group>";
		};
		E791DED524CFCCA600343682 /* Statistic */ = {
			isa = PBXGroup;
			children = (
				E7C8DB19248E7CE30003FB1E /* ResultView.swift */,
				E7C8DB1B248E7CF30003FB1E /* ResultViewModel.swift */,
				E75B87012492162A002B0682 /* PeriodSelectionView.swift */,
				E75B870324921639002B0682 /* PeriodSelectionViewModel.swift */,
			);
			path = Statistic;
			sourceTree = "<group>";
		};
		E79ADFF823F9223400FD1282 /* GameDetail */ = {
			isa = PBXGroup;
			children = (
				E7B3429723B83E2300A5C566 /* GameDetailView.swift */,
				E79ADFF923F922F100FD1282 /* GameDetailViewModel.swift */,
				E7AD43BC242A77D100B1200C /* SwapUser.swift */,
				E7AD43BE242B025D00B1200C /* SwapUserViewModel.swift */,
				E7B3429923B8E8E000A5C566 /* IndividualScoreDisplay.swift */,
				E785A69E23BCD6C7003F0A78 /* GameDetailPopUp.swift */,
				E79AE08F24150D9F00FD1282 /* GameDetailListView.swift */,
				E79AE09124150E1600FD1282 /* GameDetailListViewModel.swift */,
				E7F1349B247A8EF800EE4D51 /* MarkSpecial.swift */,
				E7F1349D247A8F0600EE4D51 /* MarkSpecialModel.swift */,
				E751D31B254C5B8100445741 /* gameDetailPassing.swift */,
			);
			path = GameDetail;
			sourceTree = "<group>";
		};
		E79AE0522410C86100FD1282 /* Menu */ = {
			isa = PBXGroup;
			children = (
				E77E3CF223C056DE0039F223 /* MenuPage.swift */,
				E79AE0532410CA7900FD1282 /* MenuPageViewModel.swift */,
			);
			path = Menu;
			sourceTree = "<group>";
		};
		E7ABFE7323E9225D00231F66 /* CalendarManager */ = {
			isa = PBXGroup;
			children = (
				E7AD43D2242E1E1700B1200C /* RKCell.swift */,
				E7AD43D1242E1E1600B1200C /* RKColorSettings.swift */,
				E7AD43CE242E1E1400B1200C /* RKDate.swift */,
				E7AD43CF242E1E1500B1200C /* RKManager.swift */,
				E7AD43D3242E1E1700B1200C /* RKMonth.swift */,
				E7AD43CB242E1E1200B1200C /* RKMonthHeader.swift */,
				E7AD43D4242E1E1800B1200C /* RKScroll */,
				E7AD43CC242E1E1400B1200C /* RKTimeView.swift */,
				E7AD43CD242E1E1400B1200C /* RKViewController.swift */,
				E7AD43D0242E1E1500B1200C /* RKWeekdayHeader.swift */,
			);
			path = CalendarManager;
			sourceTree = "<group>";
		};
		E7AD43C2242CF79B00B1200C /* Friend */ = {
			isa = PBXGroup;
			children = (
				E7DB20BE244314A700A3CAE1 /* ProfileView.swift */,
				E7DB20C0244314E200A3CAE1 /* ProfileViewModel.swift */,
				E7AD43C0242CF79500B1200C /* AddFriendView.swift */,
				E7AD43F724363D1800B1200C /* FriendRequestView.swift */,
				E7AD43C5242DB3D600B1200C /* AddFriendRow.swift */,
				E7AD43C3242CF7B900B1200C /* FriendViewModel.swift */,
				E7AD43F924363D3000B1200C /* FriendRequestViewModel.swift */,
				E79AE04E240F991B00FD1282 /* DisplayFriendView.swift */,
				E751D31E254D113400445741 /* DisplayFriendViewOption.swift */,
				E7ABFE6D23E6B5F200231F66 /* DisplayFriendRow.swift */,
				E79AE050240F993700FD1282 /* DisplayFriendViewModel.swift */,
				E7CF80522438DD5B00B7D882 /* UpdateBalanceView.swift */,
				E7CF80562438DE2100B7D882 /* UpdateBalanceViewModel.swift */,
			);
			path = Friend;
			sourceTree = "<group>";
		};
		E7AD43D4242E1E1800B1200C /* RKScroll */ = {
			isa = PBXGroup;
			children = (
				E7AD43D5242E1E1800B1200C /* RKPage.swift */,
				E7AD43D6242E1E1800B1200C /* RKWeeklyPage.swift */,
				E7AD43D7242E1E1800B1200C /* RKPageView.swift */,
				E7AD43D8242E1E1800B1200C /* ScrollableView.swift */,
			);
			path = RKScroll;
			sourceTree = "<group>";
		};
		E7AD43E62430E95E00B1200C /* Terms of use */ = {
			isa = PBXGroup;
			children = (
				E7AD43E72430E97B00B1200C /* Terms.swift */,
			);
			path = "Terms of use";
			sourceTree = "<group>";
		};
		E7AD43E924319F4D00B1200C /* Contact us */ = {
			isa = PBXGroup;
			children = (
				E7AD43EA24319F6700B1200C /* ContactUs.swift */,
			);
			path = "Contact us";
			sourceTree = "<group>";
		};
		E7AD43F02431E43500B1200C /* Forget Password */ = {
			isa = PBXGroup;
			children = (
				E7AD43F12431E60400B1200C /* ForgetPasswordView.swift */,
			);
			path = "Forget Password";
			sourceTree = "<group>";
		};
		E7C5694A24CAFC63009FCD72 /* Support */ = {
			isa = PBXGroup;
			children = (
				E7C5694C24CAFD63009FCD72 /* GoogleService-Info.plist */,
				E7C5694D24CAFD64009FCD72 /* Info.plist */,
				EB48ADDB1F69089300D109AA /* TestSkill.entitlements */,
				E5992351232DF094008AECD6 /* Assets.xcassets */,
				EB50AE961F876DED003B9264 /* UIViewController+Alerts.h */,
				EB50AE951F876DED003B9264 /* UIViewController+Alerts.m */,
				EB579E9F1F1CD3FA002E31A7 /* LaunchScreen.storyboard */,
			);
			path = Support;
			sourceTree = "<group>";
		};
		E7C5694B24CAFCB1009FCD72 /* Model Object */ = {
			isa = PBXGroup;
			children = (
				E774CC5E24CE67960067C35B /* GamePassingObject.swift */,
				E7B3429B23B907E600A5C566 /* DisplayBoard.swift */,
				E518F60D22F067B10012CC2D /* Game.swift */,
				E7F134A4247FA23C00EE4D51 /* Location.swift */,
				E51DB7A422F2995400CD7BFF /* GameDetail.swift */,
				E777394D245C442A002048E5 /* Big2GameDetail.swift */,
				E51DB7A622F2996000CD7BFF /* GameRecord.swift */,
				E7CF804C24388DC400B7D882 /* FdsRequest.swift */,
				E518F60F22F067D40012CC2D /* UserGroup.swift */,
				E518F61122F067DD0012CC2D /* UserHistory.swift */,
				EB579EC41F1CE963002E31A7 /* User.swift */,
				E51DB7A822F3262700CD7BFF /* PlayGroup.swift */,
				E7535D62233B8F360042CFDF /* ProviderUser.swift */,
				E77E3CD223BF83E10039F223 /* PageViewController.swift */,
			);
			path = "Model Object";
			sourceTree = "<group>";
		};
		E7EDBFA323CF41C500F8998A /* Social Login */ = {
			isa = PBXGroup;
			children = (
				E73F5F04243AF1FB00B8FC83 /* CredentialStorage */,
				E759F0912334C331009EB368 /* LoginManager.swift */,
				E759F0932334C3C6009EB368 /* FaceBookConstant.swift */,
				E77381A023D0331A002344FE /* SocialLogin.swift */,
				E73F5F00243AEA2500B8FC83 /* SignInWithApple.swift */,
				E73F5F02243AEBBC00B8FC83 /* SignInWithAppleDelegates.swift */,
				E791DED624CFCF9F00343682 /* GoogleDelegates.swift */,
			);
			path = "Social Login";
			sourceTree = "<group>";
		};
		E7F1349F247F9CEF00EE4D51 /* Location */ = {
			isa = PBXGroup;
			children = (
				E7F134A0247F9D0500EE4D51 /* LocationView.swift */,
				E7F134AC2484DF2300EE4D51 /* CustomAlertWithTextField.swift */,
				E7F134A2247F9D1B00EE4D51 /* LocationViewModel.swift */,
			);
			path = Location;
			sourceTree = "<group>";
		};
		EB579E8A1F1CD3FA002E31A7 = {
			isa = PBXGroup;
			children = (
				EB579E951F1CD3FA002E31A7 /* TestSkill */,
				EB579E941F1CD3FA002E31A7 /* Products */,
				5601119098145CB763028C50 /* Pods */,
				EF72192366AFA7304B4B195B /* Frameworks */,
			);
			sourceTree = "<group>";
		};
		EB579E941F1CD3FA002E31A7 /* Products */ = {
			isa = PBXGroup;
			children = (
				EB579E931F1CD3FA002E31A7 /* myjongso.app */,
			);
			name = Products;
			sourceTree = "<group>";
		};
		EB579E951F1CD3FA002E31A7 /* TestSkill */ = {
			isa = PBXGroup;
			children = (
				E7C5694B24CAFCB1009FCD72 /* Model Object */,
				E7C5694A24CAFC63009FCD72 /* Support */,
				E77381A423D1D264002344FE /* Fonts */,
				EB611FC71F3756C200FEB44D /* Supporting */,
				E77E3CFE23C17A160039F223 /* Helper */,
				E7AD43F02431E43500B1200C /* Forget Password */,
				E7AD43E924319F4D00B1200C /* Contact us */,
				E7AD43E62430E95E00B1200C /* Terms of use */,
				E782D1E623D86AB50060233B /* Entry Point */,
				E773819F23D03022002344FE /* Register */,
				E773819E23D03006002344FE /* Login */,
				E7ABFE7323E9225D00231F66 /* CalendarManager */,
				E7773951245ED835002048E5 /* Big2GameDetail */,
				E79ADFF823F9223400FD1282 /* GameDetail */,
				E782D1E223D868730060233B /* GameHistory */,
				E791DED524CFCCA600343682 /* Statistic */,
				E782D1E523D86A8F0060233B /* Group */,
				E7AD43C2242CF79B00B1200C /* Friend */,
				E74A7D37242347E60025D860 /* Admin */,
				E74A7D2E2420DC130025D860 /* Search */,
				E7F1349F247F9CEF00EE4D51 /* Location */,
				E79AE0522410C86100FD1282 /* Menu */,
				E77E3D0323C193D60039F223 /* DataObjectForTransfer */,
			);
			path = TestSkill;
			sourceTree = "<group>";
		};
		EB611FC71F3756C200FEB44D /* Supporting */ = {
			isa = PBXGroup;
			children = (
			);
			name = Supporting;
			sourceTree = "<group>";
		};
		EF72192366AFA7304B4B195B /* Frameworks */ = {
			isa = PBXGroup;
			children = (
				EBB950841F446288005D62E2 /* SwiftyJSON.framework */,
				3CA6C9B5ADF2A38ED44F36AE /* Pods_TestSkill.framework */,
				E7AD44002437108600B1200C /* UserNotifications.framework */,
				E7AD44022437108600B1200C /* UserNotificationsUI.framework */,
			);
			name = Frameworks;
			sourceTree = "<group>";
		};
/* End PBXGroup section */

/* Begin PBXNativeTarget section */
		EB579E921F1CD3FA002E31A7 /* TestSkill */ = {
			isa = PBXNativeTarget;
			buildConfigurationList = EB579EA51F1CD3FA002E31A7 /* Build configuration list for PBXNativeTarget "TestSkill" */;
			buildPhases = (
				9C01D1BA472043368E0AD658 /* [CP] Check Pods Manifest.lock */,
				EB579E8F1F1CD3FA002E31A7 /* Sources */,
				EB579E901F1CD3FA002E31A7 /* Frameworks */,
				EB579E911F1CD3FA002E31A7 /* Resources */,
				AEF4DA9D296F32DD8550882E /* [CP] Embed Pods Frameworks */,
				9E087BF58E3D32C5CDA9D7A3 /* [CP] Copy Pods Resources */,
				E7AD440E2437108600B1200C /* Embed App Extensions */,
			);
			buildRules = (
			);
			dependencies = (
			);
			name = TestSkill;
			productName = TestSkill;
			productReference = EB579E931F1CD3FA002E31A7 /* myjongso.app */;
			productType = "com.apple.product-type.application";
		};
/* End PBXNativeTarget section */

/* Begin PBXProject section */
		EB579E8B1F1CD3FA002E31A7 /* Project object */ = {
			isa = PBXProject;
			attributes = {
				LastSwiftUpdateCheck = 1140;
				LastUpgradeCheck = 1220;
				ORGANIZATIONNAME = "Kwok Wai Yeung";
				TargetAttributes = {
					EB579E921F1CD3FA002E31A7 = {
						CreatedOnToolsVersion = 8.3.3;
						DevelopmentTeam = N9G4ZX9GUD;
						LastSwiftMigration = 0830;
						ProvisioningStyle = Automatic;
						SystemCapabilities = {
							com.apple.ApplicationGroups.iOS = {
								enabled = 0;
							};
							com.apple.Keychain = {
								enabled = 0;
							};
							com.apple.Push = {
								enabled = 1;
							};
							com.apple.iCloud = {
								enabled = 0;
							};
						};
					};
				};
			};
			buildConfigurationList = EB579E8E1F1CD3FA002E31A7 /* Build configuration list for PBXProject "TestSkill" */;
			compatibilityVersion = "Xcode 11.4";
			developmentRegion = en;
			hasScannedForEncodings = 0;
			knownRegions = (
				en,
				Base,
			);
			mainGroup = EB579E8A1F1CD3FA002E31A7;
			productRefGroup = EB579E941F1CD3FA002E31A7 /* Products */;
			projectDirPath = "";
			projectRoot = "";
			targets = (
				EB579E921F1CD3FA002E31A7 /* TestSkill */,
			);
		};
/* End PBXProject section */

/* Begin PBXResourcesBuildPhase section */
		EB579E911F1CD3FA002E31A7 /* Resources */ = {
			isa = PBXResourcesBuildPhase;
			buildActionMask = 2147483647;
			files = (
				E77381A823D1D26F002344FE /* FjallaOne-Regular.ttf in Resources */,
				E77381AA23D1D26F002344FE /* FHACondFrenchNC.otf in Resources */,
				E77381A923D1D26F002344FE /* American Captain.otf in Resources */,
				EB579EA11F1CD3FA002E31A7 /* LaunchScreen.storyboard in Resources */,
				E5992352232DF094008AECD6 /* Assets.xcassets in Resources */,
				E7C5694E24CAFD64009FCD72 /* GoogleService-Info.plist in Resources */,
			);
			runOnlyForDeploymentPostprocessing = 0;
		};
/* End PBXResourcesBuildPhase section */

/* Begin PBXShellScriptBuildPhase section */
		9C01D1BA472043368E0AD658 /* [CP] Check Pods Manifest.lock */ = {
			isa = PBXShellScriptBuildPhase;
			buildActionMask = 2147483647;
			files = (
			);
			inputPaths = (
				"${PODS_PODFILE_DIR_PATH}/Podfile.lock",
				"${PODS_ROOT}/Manifest.lock",
			);
			name = "[CP] Check Pods Manifest.lock";
			outputPaths = (
				"$(DERIVED_FILE_DIR)/Pods-TestSkill-checkManifestLockResult.txt",
			);
			runOnlyForDeploymentPostprocessing = 0;
			shellPath = /bin/sh;
			shellScript = "diff \"${PODS_PODFILE_DIR_PATH}/Podfile.lock\" \"${PODS_ROOT}/Manifest.lock\" > /dev/null\nif [ $? != 0 ] ; then\n    # print error to STDERR\n    echo \"error: The sandbox is not in sync with the Podfile.lock. Run 'pod install' or update your CocoaPods installation.\" >&2\n    exit 1\nfi\n# This output is used by Xcode 'outputs' to avoid re-running this script phase.\necho \"SUCCESS\" > \"${SCRIPT_OUTPUT_FILE_0}\"\n";
			showEnvVarsInLog = 0;
		};
		9E087BF58E3D32C5CDA9D7A3 /* [CP] Copy Pods Resources */ = {
			isa = PBXShellScriptBuildPhase;
			buildActionMask = 2147483647;
			files = (
			);
			inputFileListPaths = (
				"${PODS_ROOT}/Target Support Files/Pods-TestSkill/Pods-TestSkill-resources-${CONFIGURATION}-input-files.xcfilelist",
			);
			name = "[CP] Copy Pods Resources";
			outputFileListPaths = (
				"${PODS_ROOT}/Target Support Files/Pods-TestSkill/Pods-TestSkill-resources-${CONFIGURATION}-output-files.xcfilelist",
			);
			runOnlyForDeploymentPostprocessing = 0;
			shellPath = /bin/sh;
			shellScript = "\"${PODS_ROOT}/Target Support Files/Pods-TestSkill/Pods-TestSkill-resources.sh\"\n";
			showEnvVarsInLog = 0;
		};
		AEF4DA9D296F32DD8550882E /* [CP] Embed Pods Frameworks */ = {
			isa = PBXShellScriptBuildPhase;
			buildActionMask = 2147483647;
			files = (
			);
			inputFileListPaths = (
				"${PODS_ROOT}/Target Support Files/Pods-TestSkill/Pods-TestSkill-frameworks-${CONFIGURATION}-input-files.xcfilelist",
			);
			name = "[CP] Embed Pods Frameworks";
			outputFileListPaths = (
				"${PODS_ROOT}/Target Support Files/Pods-TestSkill/Pods-TestSkill-frameworks-${CONFIGURATION}-output-files.xcfilelist",
			);
			runOnlyForDeploymentPostprocessing = 0;
			shellPath = /bin/sh;
			shellScript = "\"${PODS_ROOT}/Target Support Files/Pods-TestSkill/Pods-TestSkill-frameworks.sh\"\n";
			showEnvVarsInLog = 0;
		};
/* End PBXShellScriptBuildPhase section */

/* Begin PBXSourcesBuildPhase section */
		EB579E8F1F1CD3FA002E31A7 /* Sources */ = {
			isa = PBXSourcesBuildPhase;
			buildActionMask = 2147483647;
			files = (
				E7AD43E0242E1E1800B1200C /* RKCell.swift in Sources */,
				E7AD43E5242E1E1800B1200C /* ScrollableView.swift in Sources */,
				E7B3429A23B8E8E000A5C566 /* IndividualScoreDisplay.swift in Sources */,
				E7AD43BD242A77D100B1200C /* SwapUser.swift in Sources */,
				E77E3CD523BF83E20039F223 /* PageViewController.swift in Sources */,
				E7DB20C32445B35800A3CAE1 /* Big2DetailListView.swift in Sources */,
				E777394E245C442A002048E5 /* Big2GameDetail.swift in Sources */,
				E759F0922334C331009EB368 /* LoginManager.swift in Sources */,
				E7F134B1248676C600EE4D51 /* SearchGameDetailRowViewModel.swift in Sources */,
				E7C8DB11248CCBA40003FB1E /* SpinnerView.swift in Sources */,
				E73F5F01243AEA2500B8FC83 /* SignInWithApple.swift in Sources */,
				E7ABFE7223E7C3CB00231F66 /* GameRowViewModel.swift in Sources */,
				E7AD43C4242CF7B900B1200C /* FriendViewModel.swift in Sources */,
				E77E3CD423BF83E20039F223 /* PageView.swift in Sources */,
				E7AD43EF2431C60D00B1200C /* RegisterHelper.swift in Sources */,
				E74A7D302420DC250025D860 /* SearchView.swift in Sources */,
				E783FFAD23C46BB500EF0FDE /* ImagePickerView.swift in Sources */,
				E7A3614C23E405B600A66E7C /* SceneDelegate.swift in Sources */,
				E782D1EB23D880290060233B /* DisplayPlayerGroupView.swift in Sources */,
				E73F5F0C243AF1FB00B8FC83 /* SharedWebCredential.swift in Sources */,
				E74A7D36242347DE0025D860 /* AdminView.swift in Sources */,
				E7F134A5247FA23C00EE4D51 /* Location.swift in Sources */,
				E7F134A92480E53E00EE4D51 /* enum.swift in Sources */,
				E782D1ED23D880870060233B /* DisplayPlayGroupViewModel.swift in Sources */,
				E7F6F33F2450646A004DB1EA /* Big2DetailView.swift in Sources */,
				E785A6A423BEE5E0003F0A78 /* LoginView.swift in Sources */,
				EB579EC11F1CE4ED002E31A7 /* Extension.swift in Sources */,
				E751D31F254D113400445741 /* DisplayFriendViewOption.swift in Sources */,
				E74A7D392423480B0025D860 /* AdminViewModel.swift in Sources */,
				E7CF804F2438BEB500B7D882 /* MarkFlownView.swift in Sources */,
				E7AD43C8242DFEE100B1200C /* CancelButton.swift in Sources */,
				E7D945262425C796008EEED0 /* SearchGameRow.swift in Sources */,
				E7DB20BF244314A700A3CAE1 /* ProfileView.swift in Sources */,
				E51DB7A522F2995400CD7BFF /* GameDetail.swift in Sources */,
				E77381A123D0331A002344FE /* SocialLogin.swift in Sources */,
				E7CF80572438DE2100B7D882 /* UpdateBalanceViewModel.swift in Sources */,
				E782D1E923D8783B0060233B /* Page.swift in Sources */,
				E7AD43C1242CF79500B1200C /* AddFriendView.swift in Sources */,
				E7D9452E24268A12008EEED0 /* GameRecordDisplayViewRow.swift in Sources */,
				E7C8DB10248CCBA40003FB1E /* ListPagination.swift in Sources */,
				E79AE09224150E1600FD1282 /* GameDetailListViewModel.swift in Sources */,
				E518F60E22F067B10012CC2D /* Game.swift in Sources */,
				E7F134AF2486763C00EE4D51 /* SearchGameDetailRow.swift in Sources */,
				E7773950245E81F2002048E5 /* CheckboxToggleStyle.swift in Sources */,
				E7AD43E2242E1E1800B1200C /* RKPage.swift in Sources */,
				EB50AE971F876DED003B9264 /* UIViewController+Alerts.m in Sources */,
				E7D94528242608B8008EEED0 /* GameViewListAreaViewModel.swift in Sources */,
				E7F1349C247A8EF800EE4D51 /* MarkSpecial.swift in Sources */,
				E74A7D3424223C4D0025D860 /* RadioButton.swift in Sources */,
				E7B3429823B83E2300A5C566 /* GameDetailView.swift in Sources */,
				E73F5F0A243AF1FB00B8FC83 /* UserDataKeychain.swift in Sources */,
				E77E3CFD23C0E7A00039F223 /* AddGameView.swift in Sources */,
				E7AD43F42435B29700B1200C /* KeyboardResponsiveModifier.swift in Sources */,
				E79AE051240F993700FD1282 /* DisplayFriendViewModel.swift in Sources */,
				E7AD43DA242E1E1800B1200C /* RKTimeView.swift in Sources */,
				E7D9452C242631ED008EEED0 /* SearchGameDetailViewModel.swift in Sources */,
				EBA420241F667A0F0010BFC7 /* Utility.swift in Sources */,
				E77E3D0023C17A390039F223 /* SwiftUIModifer.swift in Sources */,
				E77E3CF723C095EE0039F223 /* GameRow.swift in Sources */,
				E7AD43EB24319F6700B1200C /* ContactUs.swift in Sources */,
				E7D9662B239CC8F6001C545F /* ColorHelper.swift in Sources */,
				E79ADFFA23F922F100FD1282 /* GameDetailViewModel.swift in Sources */,
				E7F134A1247F9D0500EE4D51 /* LocationView.swift in Sources */,
				E7D9662C239CC8F6001C545F /* Font.swift in Sources */,
				E7DB20C1244314E200A3CAE1 /* ProfileViewModel.swift in Sources */,
				E7AD43BF242B025E00B1200C /* SwapUserViewModel.swift in Sources */,
				E7ABFE6C23E6AD0300231F66 /* AddPlayGroupPlayerRow.swift in Sources */,
				E77E3CF523C0901A0039F223 /* GameView.swift in Sources */,
				E7D945222425C18C008EEED0 /* SearchGameView.swift in Sources */,
				E7CF804D24388DC400B7D882 /* FdsRequest.swift in Sources */,
				E79AE0542410CA7900FD1282 /* MenuPageViewModel.swift in Sources */,
				E79AE09024150D9F00FD1282 /* GameDetailListView.swift in Sources */,
				E791DED724CFCF9F00343682 /* GoogleDelegates.swift in Sources */,
				E7C8DB1C248E7CF30003FB1E /* ResultViewModel.swift in Sources */,
				E7AD43DB242E1E1800B1200C /* RKViewController.swift in Sources */,
				E73F5F09243AF1FB00B8FC83 /* UserData.swift in Sources */,
				E79AE00123FBCA3B00FD1282 /* GameViewListHistoryArea.swift in Sources */,
				E7AD43DC242E1E1800B1200C /* RKDate.swift in Sources */,
				E774CC5F24CE67960067C35B /* GamePassingObject.swift in Sources */,
				E7AD43CA242E074400B1200C /* SelectAllView.swift in Sources */,
				E75B8700249111C3002B0682 /* MainTabViewModel.swift in Sources */,
				E75B87042492163A002B0682 /* PeriodSelectionViewModel.swift in Sources */,
				E73F5F0B243AF1FB00B8FC83 /* Keychain.swift in Sources */,
				E7F134AD2484DF2300EE4D51 /* CustomAlertWithTextField.swift in Sources */,
				E773819B23D000D9002344FE /* LoginViewModel.swift in Sources */,
				E777394C245C2868002048E5 /* Big2DetailPopUp.swift in Sources */,
				E77E3CF123BF97950039F223 /* MainTabView.swift in Sources */,
				EB579EC51F1CE963002E31A7 /* User.swift in Sources */,
				E79ADFFF23FBC92B00FD1282 /* GameViewUpperArea.swift in Sources */,
				E7F134AB2483CF4E00EE4D51 /* TextFieldAlert.swift in Sources */,
				E7AD43E4242E1E1800B1200C /* RKPageView.swift in Sources */,
				E7AD43DE242E1E1800B1200C /* RKWeekdayHeader.swift in Sources */,
				E77E3D0223C192820039F223 /* PageViewArea.swift in Sources */,
				E74A7D32242239240025D860 /* SearchViewModel.swift in Sources */,
				EB579E971F1CD3FA002E31A7 /* AppDelegate.swift in Sources */,
				E78453E3243DD36300629FB9 /* GameLKModel.swift in Sources */,
				E785A69F23BCD6C7003F0A78 /* GameDetailPopUp.swift in Sources */,
				E79AE00723FE57DE00FD1282 /* ImageCache.swift in Sources */,
				E7AD43DD242E1E1800B1200C /* RKManager.swift in Sources */,
				E7F1349E247A8F0700EE4D51 /* MarkSpecialModel.swift in Sources */,
				E7AD43FA24363D3000B1200C /* FriendRequestViewModel.swift in Sources */,
				E785A6A223BE3110003F0A78 /* RegisterPage.swift in Sources */,
				E7B3429C23B907E600A5C566 /* DisplayBoard.swift in Sources */,
				E7D945242425C1AD008EEED0 /* SearchGameViewModel.swift in Sources */,
				E7AD43ED2431A70600B1200C /* CustomAlertView.swift in Sources */,
				E51DB7A922F3262700CD7BFF /* PlayGroup.swift in Sources */,
				E77E3CF323C056DE0039F223 /* MenuPage.swift in Sources */,
				E51DB7A722F2996000CD7BFF /* GameRecord.swift in Sources */,
				E782D1E423D8693B0060233B /* GameViewModel.swift in Sources */,
				E7AD43E82430E97B00B1200C /* Terms.swift in Sources */,
				E7F6F343245065C3004DB1EA /* Big2PlayerScoreCard.swift in Sources */,
				E7AD43E1242E1E1800B1200C /* RKMonth.swift in Sources */,
				E7ABFE6E23E6B5F200231F66 /* DisplayFriendRow.swift in Sources */,
				E7CF80532438DD5B00B7D882 /* UpdateBalanceView.swift in Sources */,
				E77CEF2223CAD80B006E65D8 /* ImageView.swift in Sources */,
				E77E3CFB23C0A5650039F223 /* AddPlayGroupView.swift in Sources */,
				E7ABFE6A23E6A8EB00231F66 /* DisplayPlayerGroupRow.swift in Sources */,
				E7ABFE8523E9B2EF00231F66 /* AddGameViewRow.swift in Sources */,
				E7DB20C524470DE700A3CAE1 /* Big2DetailListViewModel.swift in Sources */,
				E75B86FE248FC483002B0682 /* GameUpperViewModel.swift in Sources */,
				E518F61222F067DD0012CC2D /* UserHistory.swift in Sources */,
				E7F6F3412450647C004DB1EA /* Big2DetailViewModel.swift in Sources */,
				E7C8DB13248D04070003FB1E /* TextPage.swift in Sources */,
				E773819D23D03001002344FE /* RegistorViewModel.swift in Sources */,
				E583F43D2321338600BFD75D /* FrontEndController.swift in Sources */,
				E7D9452A242631D1008EEED0 /* SearchGameDetailView.swift in Sources */,
				E7AD43F22431E60400B1200C /* ForgetPasswordView.swift in Sources */,
				E7F134A3247F9D1B00EE4D51 /* LocationViewModel.swift in Sources */,
				E73F5F03243AEBBC00B8FC83 /* SignInWithAppleDelegates.swift in Sources */,
				E7AD43E3242E1E1800B1200C /* RKWeeklyPage.swift in Sources */,
				E7ABFE6823E69E3900231F66 /* FullscreenModalView.swift in Sources */,
				E751D31C254C5B8100445741 /* gameDetailPassing.swift in Sources */,
				E7ABFE8323E987B200231F66 /* AddGameViewModel.swift in Sources */,
				E7CF80512438BECF00B7D882 /* MarkFlownViewModel.swift in Sources */,
				E7AD43D9242E1E1800B1200C /* RKMonthHeader.swift in Sources */,
				E7535D63233B8F360042CFDF /* ProviderUser.swift in Sources */,
				E75B87022492162A002B0682 /* PeriodSelectionView.swift in Sources */,
				E518F61022F067D40012CC2D /* UserGroup.swift in Sources */,
				E78453E1243DD34F00629FB9 /* GameLK.swift in Sources */,
				E7AD43C6242DB3D700B1200C /* AddFriendRow.swift in Sources */,
				E7AD43DF242E1E1800B1200C /* RKColorSettings.swift in Sources */,
				E782D1EF23D89BCD0060233B /* AddPlayGroupViewModel.swift in Sources */,
				E7C8DB1A248E7CE30003FB1E /* ResultView.swift in Sources */,
				E7AD43F824363D1900B1200C /* FriendRequestView.swift in Sources */,
				E79AE04F240F991B00FD1282 /* DisplayFriendView.swift in Sources */,
				E77E3CD323BF83E20039F223 /* PageControl.swift in Sources */,
				E759F0942334C3C6009EB368 /* FaceBookConstant.swift in Sources */,
				E7C8DB0D248CB87E0003FB1E /* UserDisplay.swift in Sources */,
			);
			runOnlyForDeploymentPostprocessing = 0;
		};
/* End PBXSourcesBuildPhase section */

/* Begin PBXVariantGroup section */
		EB579E9F1F1CD3FA002E31A7 /* LaunchScreen.storyboard */ = {
			isa = PBXVariantGroup;
			children = (
				EB579EA01F1CD3FA002E31A7 /* Base */,
			);
			name = LaunchScreen.storyboard;
			sourceTree = "<group>";
		};
/* End PBXVariantGroup section */

/* Begin XCBuildConfiguration section */
		EB579EA31F1CD3FA002E31A7 /* Debug */ = {
			isa = XCBuildConfiguration;
			buildSettings = {
				ALWAYS_SEARCH_USER_PATHS = NO;
				CLANG_ANALYZER_NONNULL = YES;
				CLANG_ANALYZER_NUMBER_OBJECT_CONVERSION = YES_AGGRESSIVE;
				CLANG_CXX_LANGUAGE_STANDARD = "gnu++0x";
				CLANG_CXX_LIBRARY = "libc++";
				CLANG_ENABLE_MODULES = YES;
				CLANG_ENABLE_OBJC_ARC = YES;
				CLANG_WARN_BLOCK_CAPTURE_AUTORELEASING = NO;
				CLANG_WARN_BOOL_CONVERSION = NO;
				CLANG_WARN_COMMA = NO;
				CLANG_WARN_CONSTANT_CONVERSION = NO;
				CLANG_WARN_DEPRECATED_OBJC_IMPLEMENTATIONS = NO;
				CLANG_WARN_DIRECT_OBJC_ISA_USAGE = YES_ERROR;
				CLANG_WARN_DOCUMENTATION_COMMENTS = NO;
				CLANG_WARN_EMPTY_BODY = NO;
				CLANG_WARN_ENUM_CONVERSION = NO;
				CLANG_WARN_INFINITE_RECURSION = NO;
				CLANG_WARN_INT_CONVERSION = NO;
				CLANG_WARN_NON_LITERAL_NULL_CONVERSION = NO;
				CLANG_WARN_OBJC_IMPLICIT_RETAIN_SELF = NO;
				CLANG_WARN_OBJC_LITERAL_CONVERSION = NO;
				CLANG_WARN_OBJC_ROOT_CLASS = YES_ERROR;
				CLANG_WARN_RANGE_LOOP_ANALYSIS = NO;
				CLANG_WARN_STRICT_PROTOTYPES = NO;
				CLANG_WARN_SUSPICIOUS_MOVE = NO;
				CLANG_WARN_UNREACHABLE_CODE = NO;
				CLANG_WARN__DUPLICATE_METHOD_MATCH = NO;
				"CODE_SIGN_IDENTITY[sdk=iphoneos*]" = "iPhone Developer";
				COPY_PHASE_STRIP = NO;
				DEBUG_INFORMATION_FORMAT = dwarf;
				ENABLE_STRICT_OBJC_MSGSEND = YES;
				ENABLE_TESTABILITY = YES;
				GCC_C_LANGUAGE_STANDARD = gnu99;
				GCC_DYNAMIC_NO_PIC = NO;
				GCC_NO_COMMON_BLOCKS = YES;
				GCC_OPTIMIZATION_LEVEL = 0;
				GCC_PREPROCESSOR_DEFINITIONS = (
					"DEBUG=1",
					"$(inherited)",
				);
				GCC_WARN_64_TO_32_BIT_CONVERSION = NO;
				GCC_WARN_ABOUT_RETURN_TYPE = YES_ERROR;
				GCC_WARN_UNDECLARED_SELECTOR = NO;
				GCC_WARN_UNINITIALIZED_AUTOS = YES_AGGRESSIVE;
				GCC_WARN_UNUSED_FUNCTION = NO;
				GCC_WARN_UNUSED_VARIABLE = NO;
				IPHONEOS_DEPLOYMENT_TARGET = 14.2;
				MTL_ENABLE_DEBUG_INFO = YES;
				ONLY_ACTIVE_ARCH = YES;
				SDKROOT = iphoneos;
				SWIFT_ACTIVE_COMPILATION_CONDITIONS = DEBUG;
				SWIFT_OPTIMIZATION_LEVEL = "-Onone";
				SWIFT_VERSION = 5.0;
				TARGETED_DEVICE_FAMILY = "1,2";
			};
			name = Debug;
		};
		EB579EA41F1CD3FA002E31A7 /* Release */ = {
			isa = XCBuildConfiguration;
			buildSettings = {
				ALWAYS_SEARCH_USER_PATHS = NO;
				CLANG_ANALYZER_NONNULL = YES;
				CLANG_ANALYZER_NUMBER_OBJECT_CONVERSION = YES_AGGRESSIVE;
				CLANG_CXX_LANGUAGE_STANDARD = "gnu++0x";
				CLANG_CXX_LIBRARY = "libc++";
				CLANG_ENABLE_MODULES = YES;
				CLANG_ENABLE_OBJC_ARC = YES;
				CLANG_WARN_BLOCK_CAPTURE_AUTORELEASING = NO;
				CLANG_WARN_BOOL_CONVERSION = NO;
				CLANG_WARN_COMMA = NO;
				CLANG_WARN_CONSTANT_CONVERSION = NO;
				CLANG_WARN_DEPRECATED_OBJC_IMPLEMENTATIONS = NO;
				CLANG_WARN_DIRECT_OBJC_ISA_USAGE = YES_ERROR;
				CLANG_WARN_DOCUMENTATION_COMMENTS = NO;
				CLANG_WARN_EMPTY_BODY = NO;
				CLANG_WARN_ENUM_CONVERSION = NO;
				CLANG_WARN_INFINITE_RECURSION = NO;
				CLANG_WARN_INT_CONVERSION = NO;
				CLANG_WARN_NON_LITERAL_NULL_CONVERSION = NO;
				CLANG_WARN_OBJC_IMPLICIT_RETAIN_SELF = NO;
				CLANG_WARN_OBJC_LITERAL_CONVERSION = NO;
				CLANG_WARN_OBJC_ROOT_CLASS = YES_ERROR;
				CLANG_WARN_RANGE_LOOP_ANALYSIS = NO;
				CLANG_WARN_STRICT_PROTOTYPES = NO;
				CLANG_WARN_SUSPICIOUS_MOVE = NO;
				CLANG_WARN_UNREACHABLE_CODE = NO;
				CLANG_WARN__DUPLICATE_METHOD_MATCH = NO;
				"CODE_SIGN_IDENTITY[sdk=iphoneos*]" = "iPhone Developer";
				COPY_PHASE_STRIP = NO;
				DEBUG_INFORMATION_FORMAT = "dwarf-with-dsym";
				ENABLE_NS_ASSERTIONS = NO;
				ENABLE_STRICT_OBJC_MSGSEND = YES;
				GCC_C_LANGUAGE_STANDARD = gnu99;
				GCC_NO_COMMON_BLOCKS = YES;
				GCC_WARN_64_TO_32_BIT_CONVERSION = NO;
				GCC_WARN_ABOUT_RETURN_TYPE = YES_ERROR;
				GCC_WARN_UNDECLARED_SELECTOR = NO;
				GCC_WARN_UNINITIALIZED_AUTOS = YES_AGGRESSIVE;
				GCC_WARN_UNUSED_FUNCTION = NO;
				GCC_WARN_UNUSED_VARIABLE = NO;
				IPHONEOS_DEPLOYMENT_TARGET = 14.2;
				MTL_ENABLE_DEBUG_INFO = NO;
				SDKROOT = iphoneos;
				SWIFT_COMPILATION_MODE = wholemodule;
				SWIFT_OPTIMIZATION_LEVEL = "-O";
				SWIFT_VERSION = 5.0;
				TARGETED_DEVICE_FAMILY = "1,2";
				VALIDATE_PRODUCT = YES;
			};
			name = Release;
		};
		EB579EA61F1CD3FA002E31A7 /* Debug */ = {
			isa = XCBuildConfiguration;
			baseConfigurationReference = 490B503289F94BA60C70C937 /* Pods-TestSkill.debug.xcconfig */;
			buildSettings = {
				ALWAYS_EMBED_SWIFT_STANDARD_LIBRARIES = "$(inherited)";
				ASSETCATALOG_COMPILER_APPICON_NAME = AppIcon;
				CODE_SIGN_ENTITLEMENTS = TestSkill/Support/TestSkill.entitlements;
				CODE_SIGN_IDENTITY = "Apple Development";
				"CODE_SIGN_IDENTITY[sdk=iphoneos*]" = "iPhone Developer";
				CODE_SIGN_STYLE = Automatic;
				CURRENT_PROJECT_VERSION = 1;
				DEVELOPMENT_TEAM = N9G4ZX9GUD;
				FRAMEWORK_SEARCH_PATHS = (
					"$(inherited)",
					"$(PROJECT_DIR)/build/Debug-iphoneos/SwiftyJSON",
				);
				IBSC_WARNINGS = NO;
				INFOPLIST_FILE = TestSkill/Support/Info.plist;
				IPHONEOS_DEPLOYMENT_TARGET = 14.2;
				LD_RUNPATH_SEARCH_PATHS = (
					"$(inherited)",
					"@executable_path/Frameworks",
				);
				MARKETING_VERSION = 7.0;
				PRODUCT_BUNDLE_IDENTIFIER = com.bellringing.kmconcept.mahjongcalculator;
				PRODUCT_NAME = myjongso;
				PROVISIONING_PROFILE_SPECIFIER = "";
				SWIFT_OBJC_BRIDGING_HEADER = "";
				SWIFT_VERSION = 5.0;
				TARGETED_DEVICE_FAMILY = 1;
			};
			name = Debug;
		};
		EB579EA71F1CD3FA002E31A7 /* Release */ = {
			isa = XCBuildConfiguration;
			baseConfigurationReference = 7C4780E1E86C4DAA59C16EAF /* Pods-TestSkill.release.xcconfig */;
			buildSettings = {
				ALWAYS_EMBED_SWIFT_STANDARD_LIBRARIES = "$(inherited)";
				ASSETCATALOG_COMPILER_APPICON_NAME = AppIcon;
				CODE_SIGN_ENTITLEMENTS = TestSkill/Support/TestSkill.entitlements;
				CODE_SIGN_IDENTITY = "Apple Development";
				"CODE_SIGN_IDENTITY[sdk=iphoneos*]" = "iPhone Developer";
				CODE_SIGN_STYLE = Automatic;
				CURRENT_PROJECT_VERSION = 1;
				DEVELOPMENT_TEAM = N9G4ZX9GUD;
				FRAMEWORK_SEARCH_PATHS = (
					"$(inherited)",
					"$(PROJECT_DIR)/build/Debug-iphoneos/SwiftyJSON",
				);
				IBSC_WARNINGS = NO;
				INFOPLIST_FILE = TestSkill/Support/Info.plist;
				IPHONEOS_DEPLOYMENT_TARGET = 14.2;
				LD_RUNPATH_SEARCH_PATHS = (
					"$(inherited)",
					"@executable_path/Frameworks",
				);
				MARKETING_VERSION = 7.0;
				PRODUCT_BUNDLE_IDENTIFIER = com.bellringing.kmconcept.mahjongcalculator;
				PRODUCT_NAME = myjongso;
				PROVISIONING_PROFILE_SPECIFIER = "";
				SWIFT_OBJC_BRIDGING_HEADER = "";
				SWIFT_VERSION = 5.0;
				TARGETED_DEVICE_FAMILY = 1;
			};
			name = Release;
		};
/* End XCBuildConfiguration section */

/* Begin XCConfigurationList section */
		EB579E8E1F1CD3FA002E31A7 /* Build configuration list for PBXProject "TestSkill" */ = {
			isa = XCConfigurationList;
			buildConfigurations = (
				EB579EA31F1CD3FA002E31A7 /* Debug */,
				EB579EA41F1CD3FA002E31A7 /* Release */,
			);
			defaultConfigurationIsVisible = 0;
			defaultConfigurationName = Release;
		};
		EB579EA51F1CD3FA002E31A7 /* Build configuration list for PBXNativeTarget "TestSkill" */ = {
			isa = XCConfigurationList;
			buildConfigurations = (
				EB579EA61F1CD3FA002E31A7 /* Debug */,
				EB579EA71F1CD3FA002E31A7 /* Release */,
			);
			defaultConfigurationIsVisible = 0;
			defaultConfigurationName = Release;
		};
/* End XCConfigurationList section */
	};
	rootObject = EB579E8B1F1CD3FA002E31A7 /* Project object */;
}
